// !$*UTF8*$!
{
	archiveVersion = 1;
	classes = {
	};
	objectVersion = 56;
	objects = {

/* Begin PBXBuildFile section */
		362AF0252BD113FA002D74FF /* SectionSearchModel.swift in Sources */ = {isa = PBXBuildFile; fileRef = 362AF0242BD113FA002D74FF /* SectionSearchModel.swift */; };
		362AF0272BD11557002D74FF /* SearchResultCollectionView.swift in Sources */ = {isa = PBXBuildFile; fileRef = 362AF0262BD11557002D74FF /* SearchResultCollectionView.swift */; };
		362AF02D2BD12777002D74FF /* SearchResultCell.swift in Sources */ = {isa = PBXBuildFile; fileRef = 362AF02C2BD12777002D74FF /* SearchResultCell.swift */; };
		362AF02F2BD12DB6002D74FF /* HeaderSavesSerches.swift in Sources */ = {isa = PBXBuildFile; fileRef = 362AF02E2BD12DB6002D74FF /* HeaderSavesSerches.swift */; };
		362AF0322BD135E3002D74FF /* SectionsSavesModel.swift in Sources */ = {isa = PBXBuildFile; fileRef = 362AF0312BD135E3002D74FF /* SectionsSavesModel.swift */; };
		362AF0342BD136C4002D74FF /* SavesSearchesCollectionView.swift in Sources */ = {isa = PBXBuildFile; fileRef = 362AF0332BD136C4002D74FF /* SavesSearchesCollectionView.swift */; };
		36651C7A2BD6A01A005ADA14 /* UICollectionView + Ext.swift in Sources */ = {isa = PBXBuildFile; fileRef = 36651C792BD6A01A005ADA14 /* UICollectionView + Ext.swift */; };
		36651C7C2BD6A041005ADA14 /* UICollectionViewCell + Ext.swift in Sources */ = {isa = PBXBuildFile; fileRef = 36651C7B2BD6A041005ADA14 /* UICollectionViewCell + Ext.swift */; };
		36651C7F2BD6A167005ADA14 /* SearchResultManager.swift in Sources */ = {isa = PBXBuildFile; fileRef = 36651C7E2BD6A167005ADA14 /* SearchResultManager.swift */; };
		36651C812BD7BF27005ADA14 /* UICollectionReusableView + Ext.swift in Sources */ = {isa = PBXBuildFile; fileRef = 36651C802BD7BF27005ADA14 /* UICollectionReusableView + Ext.swift */; };
		36651C872BD8ECBB005ADA14 /* ManagerViewController.swift in Sources */ = {isa = PBXBuildFile; fileRef = 36651C862BD8ECBB005ADA14 /* ManagerViewController.swift */; };
		36651C8E2BDA6D53005ADA14 /* LocationManager.swift in Sources */ = {isa = PBXBuildFile; fileRef = 36651C8D2BDA6D53005ADA14 /* LocationManager.swift */; };
		36651C902BDA8490005ADA14 /* String + Ext.swift in Sources */ = {isa = PBXBuildFile; fileRef = 36651C8F2BDA8490005ADA14 /* String + Ext.swift */; };
		36651C922BDBE6D3005ADA14 /* UITableViewCell + Ext.swift in Sources */ = {isa = PBXBuildFile; fileRef = 36651C912BDBE6D2005ADA14 /* UITableViewCell + Ext.swift */; };
		36651C942BDCD753005ADA14 /* WishListManager.swift in Sources */ = {isa = PBXBuildFile; fileRef = 36651C932BDCD752005ADA14 /* WishListManager.swift */; };
		366939B72BD295E4002A6549 /* UIViewController + Ext.swift in Sources */ = {isa = PBXBuildFile; fileRef = 366939B62BD295E4002A6549 /* UIViewController + Ext.swift */; };
		366939B92BD29846002A6549 /* StoreManagerDefaults.swift in Sources */ = {isa = PBXBuildFile; fileRef = 366939B82BD29846002A6549 /* StoreManagerDefaults.swift */; };
		369AE5172BCEA54C009157D6 /* CustomTabBar.swift in Sources */ = {isa = PBXBuildFile; fileRef = 369AE5162BCEA54C009157D6 /* CustomTabBar.swift */; };
		833EE2682BCEEA7C0011BC4F /* Constants.swift in Sources */ = {isa = PBXBuildFile; fileRef = 833EE2672BCEEA7C0011BC4F /* Constants.swift */; };
		833EE26C2BCEF5C60011BC4F /* CustomNavigationBar.swift in Sources */ = {isa = PBXBuildFile; fileRef = 833EE26B2BCEF5C60011BC4F /* CustomNavigationBar.swift */; };
		833EE26F2BCEF7FA0011BC4F /* CustomNavigationBarButton.swift in Sources */ = {isa = PBXBuildFile; fileRef = 833EE26E2BCEF7FA0011BC4F /* CustomNavigationBarButton.swift */; };
		833EE2722BCEF8F50011BC4F /* UIButton + Ext.swift in Sources */ = {isa = PBXBuildFile; fileRef = 833EE2712BCEF8F50011BC4F /* UIButton + Ext.swift */; };
		833EE2742BCF012A0011BC4F /* BackButton.swift in Sources */ = {isa = PBXBuildFile; fileRef = 833EE2732BCF012A0011BC4F /* BackButton.swift */; };
		833EE2782BCF06740011BC4F /* BaseViewController.swift in Sources */ = {isa = PBXBuildFile; fileRef = 833EE2772BCF06740011BC4F /* BaseViewController.swift */; };
		833EE27A2BCF0CCC0011BC4F /* UISearchBar + Ext.swift in Sources */ = {isa = PBXBuildFile; fileRef = 833EE2792BCF0CCC0011BC4F /* UISearchBar + Ext.swift */; };
		833EE27C2BCF0CF70011BC4F /* UIImage + Ext.swift in Sources */ = {isa = PBXBuildFile; fileRef = 833EE27B2BCF0CF70011BC4F /* UIImage + Ext.swift */; };
		833EE27E2BCF0F430011BC4F /* UIView + Ext.swift in Sources */ = {isa = PBXBuildFile; fileRef = 833EE27D2BCF0F430011BC4F /* UIView + Ext.swift */; };
		833EE2832BD121DE0011BC4F /* LocationView.swift in Sources */ = {isa = PBXBuildFile; fileRef = 833EE2822BD121DE0011BC4F /* LocationView.swift */; };
		83708C542BD2EDED009D71CD /* ProductTitleView.swift in Sources */ = {isa = PBXBuildFile; fileRef = 83708C532BD2EDED009D71CD /* ProductTitleView.swift */; };
		83708C582BD44186009D71CD /* ProductDescriptionView.swift in Sources */ = {isa = PBXBuildFile; fileRef = 83708C572BD44186009D71CD /* ProductDescriptionView.swift */; };
		83708C5A2BD445C2009D71CD /* NSCoder + Ext.swift in Sources */ = {isa = PBXBuildFile; fileRef = 83708C592BD445C2009D71CD /* NSCoder + Ext.swift */; };
		83708C5C2BD44E3C009D71CD /* ProductBottomView.swift in Sources */ = {isa = PBXBuildFile; fileRef = 83708C5B2BD44E3C009D71CD /* ProductBottomView.swift */; };
		8493BB2F2BCEBF1D00E239B4 /* FirebaseAnalytics in Frameworks */ = {isa = PBXBuildFile; productRef = 8493BB2E2BCEBF1D00E239B4 /* FirebaseAnalytics */; };
		8493BB312BCEBF1D00E239B4 /* FirebaseAnalyticsOnDeviceConversion in Frameworks */ = {isa = PBXBuildFile; productRef = 8493BB302BCEBF1D00E239B4 /* FirebaseAnalyticsOnDeviceConversion */; };
		8493BB332BCEBF1D00E239B4 /* FirebaseAnalyticsSwift in Frameworks */ = {isa = PBXBuildFile; productRef = 8493BB322BCEBF1D00E239B4 /* FirebaseAnalyticsSwift */; };
		8493BB352BCEBF1D00E239B4 /* FirebaseAnalyticsWithoutAdIdSupport in Frameworks */ = {isa = PBXBuildFile; productRef = 8493BB342BCEBF1D00E239B4 /* FirebaseAnalyticsWithoutAdIdSupport */; };
		8493BB372BCEBF1D00E239B4 /* FirebaseAppCheck in Frameworks */ = {isa = PBXBuildFile; productRef = 8493BB362BCEBF1D00E239B4 /* FirebaseAppCheck */; };
		8493BB392BCEBF1D00E239B4 /* FirebaseAppDistribution-Beta in Frameworks */ = {isa = PBXBuildFile; productRef = 8493BB382BCEBF1D00E239B4 /* FirebaseAppDistribution-Beta */; };
		8493BB3B2BCEBF1D00E239B4 /* FirebaseAuth in Frameworks */ = {isa = PBXBuildFile; productRef = 8493BB3A2BCEBF1D00E239B4 /* FirebaseAuth */; };
		8493BB3D2BCEBF1D00E239B4 /* FirebaseAuthCombine-Community in Frameworks */ = {isa = PBXBuildFile; productRef = 8493BB3C2BCEBF1D00E239B4 /* FirebaseAuthCombine-Community */; };
		8493BB3F2BCEBF1D00E239B4 /* FirebaseCrashlytics in Frameworks */ = {isa = PBXBuildFile; productRef = 8493BB3E2BCEBF1D00E239B4 /* FirebaseCrashlytics */; };
		8493BB412BCEBF1D00E239B4 /* FirebaseDatabase in Frameworks */ = {isa = PBXBuildFile; productRef = 8493BB402BCEBF1D00E239B4 /* FirebaseDatabase */; };
		8493BB432BCEBF1D00E239B4 /* FirebaseDatabaseSwift in Frameworks */ = {isa = PBXBuildFile; productRef = 8493BB422BCEBF1D00E239B4 /* FirebaseDatabaseSwift */; };
		8493BB452BCEBF1D00E239B4 /* FirebaseDynamicLinks in Frameworks */ = {isa = PBXBuildFile; productRef = 8493BB442BCEBF1D00E239B4 /* FirebaseDynamicLinks */; };
		8493BB472BCEBF1D00E239B4 /* FirebaseFirestore in Frameworks */ = {isa = PBXBuildFile; productRef = 8493BB462BCEBF1D00E239B4 /* FirebaseFirestore */; };
		8493BB492BCEBF1D00E239B4 /* FirebaseFirestoreCombine-Community in Frameworks */ = {isa = PBXBuildFile; productRef = 8493BB482BCEBF1D00E239B4 /* FirebaseFirestoreCombine-Community */; };
		8493BB4B2BCEBF1D00E239B4 /* FirebaseFirestoreSwift in Frameworks */ = {isa = PBXBuildFile; productRef = 8493BB4A2BCEBF1D00E239B4 /* FirebaseFirestoreSwift */; };
		8493BB4D2BCEBF1D00E239B4 /* FirebaseFunctions in Frameworks */ = {isa = PBXBuildFile; productRef = 8493BB4C2BCEBF1D00E239B4 /* FirebaseFunctions */; };
		8493BB4F2BCEBF1D00E239B4 /* FirebaseFunctionsCombine-Community in Frameworks */ = {isa = PBXBuildFile; productRef = 8493BB4E2BCEBF1D00E239B4 /* FirebaseFunctionsCombine-Community */; };
		8493BB512BCEBF1D00E239B4 /* FirebaseInAppMessaging-Beta in Frameworks */ = {isa = PBXBuildFile; productRef = 8493BB502BCEBF1D00E239B4 /* FirebaseInAppMessaging-Beta */; };
		8493BB532BCEBF1D00E239B4 /* FirebaseInAppMessagingSwift-Beta in Frameworks */ = {isa = PBXBuildFile; productRef = 8493BB522BCEBF1D00E239B4 /* FirebaseInAppMessagingSwift-Beta */; };
		8493BB552BCEBF1D00E239B4 /* FirebaseInstallations in Frameworks */ = {isa = PBXBuildFile; productRef = 8493BB542BCEBF1D00E239B4 /* FirebaseInstallations */; };
		8493BB572BCEBF1D00E239B4 /* FirebaseMLModelDownloader in Frameworks */ = {isa = PBXBuildFile; productRef = 8493BB562BCEBF1D00E239B4 /* FirebaseMLModelDownloader */; };
		8493BB592BCEBF1D00E239B4 /* FirebaseMessaging in Frameworks */ = {isa = PBXBuildFile; productRef = 8493BB582BCEBF1D00E239B4 /* FirebaseMessaging */; };
		8493BB5B2BCEBF1D00E239B4 /* FirebasePerformance in Frameworks */ = {isa = PBXBuildFile; productRef = 8493BB5A2BCEBF1D00E239B4 /* FirebasePerformance */; };
		8493BB5D2BCEBF1D00E239B4 /* FirebaseRemoteConfig in Frameworks */ = {isa = PBXBuildFile; productRef = 8493BB5C2BCEBF1D00E239B4 /* FirebaseRemoteConfig */; };
		8493BB5F2BCEBF1D00E239B4 /* FirebaseRemoteConfigSwift in Frameworks */ = {isa = PBXBuildFile; productRef = 8493BB5E2BCEBF1D00E239B4 /* FirebaseRemoteConfigSwift */; };
		8493BB612BCEBF1D00E239B4 /* FirebaseStorage in Frameworks */ = {isa = PBXBuildFile; productRef = 8493BB602BCEBF1D00E239B4 /* FirebaseStorage */; };
		8493BB632BCEBF1D00E239B4 /* FirebaseStorageCombine-Community in Frameworks */ = {isa = PBXBuildFile; productRef = 8493BB622BCEBF1D00E239B4 /* FirebaseStorageCombine-Community */; };
		8493BB6B2BCEC08200E239B4 /* LogInViewController.swift in Sources */ = {isa = PBXBuildFile; fileRef = 8493BB6A2BCEC08200E239B4 /* LogInViewController.swift */; };
		8493BB6D2BCEC0A800E239B4 /* LogInView.swift in Sources */ = {isa = PBXBuildFile; fileRef = 8493BB6C2BCEC0A800E239B4 /* LogInView.swift */; };
		8493BB6F2BCEC10000E239B4 /* LogInModel.swift in Sources */ = {isa = PBXBuildFile; fileRef = 8493BB6E2BCEC10000E239B4 /* LogInModel.swift */; };
		8493BB742BCEC15C00E239B4 /* SingUpViewController.swift in Sources */ = {isa = PBXBuildFile; fileRef = 8493BB732BCEC15C00E239B4 /* SingUpViewController.swift */; };
		8493BB782BCEC17C00E239B4 /* SingUpModel.swift in Sources */ = {isa = PBXBuildFile; fileRef = 8493BB772BCEC17C00E239B4 /* SingUpModel.swift */; };
		8493BB7D2BCEC37D00E239B4 /* AuthenticationManager.swift in Sources */ = {isa = PBXBuildFile; fileRef = 8493BB7C2BCEC37D00E239B4 /* AuthenticationManager.swift */; };
		8493BB7F2BCEC39800E239B4 /* NetworkManager.swift in Sources */ = {isa = PBXBuildFile; fileRef = 8493BB7E2BCEC39800E239B4 /* NetworkManager.swift */; };
		8493BB8B2BCEF6D600E239B4 /* FontEnum.swift in Sources */ = {isa = PBXBuildFile; fileRef = 8493BB8A2BCEF6D600E239B4 /* FontEnum.swift */; };
		8495630C2BDD3AE500E12960 /* ManagerCategoryView.swift in Sources */ = {isa = PBXBuildFile; fileRef = 8495630A2BDD3AE500E12960 /* ManagerCategoryView.swift */; };
		8495630D2BDD3AE500E12960 /* ManagerProductView.swift in Sources */ = {isa = PBXBuildFile; fileRef = 8495630B2BDD3AE500E12960 /* ManagerProductView.swift */; };
		8495630F2BDD3AF700E12960 /* ManagerView.swift in Sources */ = {isa = PBXBuildFile; fileRef = 8495630E2BDD3AF600E12960 /* ManagerView.swift */; };
		849563122BDD3B0200E12960 /* ManagerCategoryViewController.swift in Sources */ = {isa = PBXBuildFile; fileRef = 849563102BDD3B0200E12960 /* ManagerCategoryViewController.swift */; };
		849563132BDD3B0200E12960 /* ManagerProductViewController.swift in Sources */ = {isa = PBXBuildFile; fileRef = 849563112BDD3B0200E12960 /* ManagerProductViewController.swift */; };
		84C0ABBD2BD02FE1009076B2 /* CompositionalLayout.swift in Sources */ = {isa = PBXBuildFile; fileRef = 84C0ABA72BD02FE1009076B2 /* CompositionalLayout.swift */; };
		84C0ABBE2BD02FE1009076B2 /* Label + ext.swift in Sources */ = {isa = PBXBuildFile; fileRef = 84C0ABA82BD02FE1009076B2 /* Label + ext.swift */; };
		84C0ABBF2BD02FE1009076B2 /* UIImage + ext.swift in Sources */ = {isa = PBXBuildFile; fileRef = 84C0ABA92BD02FE1009076B2 /* UIImage + ext.swift */; };
		84C0ABC02BD02FE1009076B2 /* UIimageView + ext.swift in Sources */ = {isa = PBXBuildFile; fileRef = 84C0ABAA2BD02FE1009076B2 /* UIimageView + ext.swift */; };
		84C0ABC12BD02FE1009076B2 /* FilterModel.swift in Sources */ = {isa = PBXBuildFile; fileRef = 84C0ABAC2BD02FE1009076B2 /* FilterModel.swift */; };
		84C0ABC22BD02FE1009076B2 /* HomeModel.swift in Sources */ = {isa = PBXBuildFile; fileRef = 84C0ABAD2BD02FE1009076B2 /* HomeModel.swift */; };
		84C0ABC32BD02FE1009076B2 /* ItemModel.swift in Sources */ = {isa = PBXBuildFile; fileRef = 84C0ABAE2BD02FE1009076B2 /* ItemModel.swift */; };
		84C0ABC42BD02FE1009076B2 /* SectionModel.swift in Sources */ = {isa = PBXBuildFile; fileRef = 84C0ABAF2BD02FE1009076B2 /* SectionModel.swift */; };
		84C0ABC52BD02FE1009076B2 /* CategoriesCell.swift in Sources */ = {isa = PBXBuildFile; fileRef = 84C0ABB12BD02FE1009076B2 /* CategoriesCell.swift */; };
		84C0ABC62BD02FE1009076B2 /* HeaderProductsView.swift in Sources */ = {isa = PBXBuildFile; fileRef = 84C0ABB22BD02FE1009076B2 /* HeaderProductsView.swift */; };
		84C0ABC72BD02FE1009076B2 /* ProductCell.swift in Sources */ = {isa = PBXBuildFile; fileRef = 84C0ABB32BD02FE1009076B2 /* ProductCell.swift */; };
		84C0ABC82BD02FE1009076B2 /* SearchBarCell.swift in Sources */ = {isa = PBXBuildFile; fileRef = 84C0ABB42BD02FE1009076B2 /* SearchBarCell.swift */; };
		84C0ABC92BD02FE1009076B2 /* HomeCollectionView.swift in Sources */ = {isa = PBXBuildFile; fileRef = 84C0ABB62BD02FE1009076B2 /* HomeCollectionView.swift */; };
		84C0ABCA2BD02FE1009076B2 /* HomeSearchBar.swift in Sources */ = {isa = PBXBuildFile; fileRef = 84C0ABB72BD02FE1009076B2 /* HomeSearchBar.swift */; };
		84C0ABCB2BD02FE1009076B2 /* HomeView.swift in Sources */ = {isa = PBXBuildFile; fileRef = 84C0ABB82BD02FE1009076B2 /* HomeView.swift */; };
		84C0ABCC2BD02FE1009076B2 /* HomeViewController.swift in Sources */ = {isa = PBXBuildFile; fileRef = 84C0ABBA2BD02FE1009076B2 /* HomeViewController.swift */; };
		84C0ABD52BD03015009076B2 /* OnbordingModel.swift in Sources */ = {isa = PBXBuildFile; fileRef = 84C0ABCD2BD03015009076B2 /* OnbordingModel.swift */; };
		84C0ABD62BD03015009076B2 /* OnbordingCell.swift in Sources */ = {isa = PBXBuildFile; fileRef = 84C0ABCF2BD03015009076B2 /* OnbordingCell.swift */; };
		84C0ABD72BD03015009076B2 /* UIPageControl + ext.swift in Sources */ = {isa = PBXBuildFile; fileRef = 84C0ABD02BD03015009076B2 /* UIPageControl + ext.swift */; };
		84C0ABD82BD03015009076B2 /* OnbordingViewController.swift in Sources */ = {isa = PBXBuildFile; fileRef = 84C0ABD22BD03015009076B2 /* OnbordingViewController.swift */; };
		84C0ABDA2BD158B2009076B2 /* PhotoEditViewController.swift in Sources */ = {isa = PBXBuildFile; fileRef = 84C0ABD92BD158B2009076B2 /* PhotoEditViewController.swift */; };
		84C0ABDC2BD158C1009076B2 /* TermsViewController.swift in Sources */ = {isa = PBXBuildFile; fileRef = 84C0ABDB2BD158C1009076B2 /* TermsViewController.swift */; };
		84C0ABDE2BD158DA009076B2 /* PhotoEditView.swift in Sources */ = {isa = PBXBuildFile; fileRef = 84C0ABDD2BD158D9009076B2 /* PhotoEditView.swift */; };
		84C0ABE02BD158E1009076B2 /* TermsView.swift in Sources */ = {isa = PBXBuildFile; fileRef = 84C0ABDF2BD158E1009076B2 /* TermsView.swift */; };
		84D7BE7D2BCD8F9500936C69 /* AppDelegate.swift in Sources */ = {isa = PBXBuildFile; fileRef = 84D7BE7C2BCD8F9500936C69 /* AppDelegate.swift */; };
		84D7BE7F2BCD8F9500936C69 /* SceneDelegate.swift in Sources */ = {isa = PBXBuildFile; fileRef = 84D7BE7E2BCD8F9500936C69 /* SceneDelegate.swift */; };
		84D7BE862BCD8F9800936C69 /* Assets.xcassets in Resources */ = {isa = PBXBuildFile; fileRef = 84D7BE852BCD8F9800936C69 /* Assets.xcassets */; };
		84D7BE892BCD8F9800936C69 /* Base in Resources */ = {isa = PBXBuildFile; fileRef = 84D7BE882BCD8F9800936C69 /* Base */; };
		84D7BEA82BCDA8A000936C69 /* SerchViewController.swift in Sources */ = {isa = PBXBuildFile; fileRef = 84D7BEA72BCDA8A000936C69 /* SerchViewController.swift */; };
		84D7BEAA2BCDA8B200936C69 /* SearchView.swift in Sources */ = {isa = PBXBuildFile; fileRef = 84D7BEA92BCDA8B200936C69 /* SearchView.swift */; };
		84D7BEAC2BCDA8C700936C69 /* SavesSerchesModel.swift in Sources */ = {isa = PBXBuildFile; fileRef = 84D7BEAB2BCDA8C700936C69 /* SavesSerchesModel.swift */; };
		84D7BEB12BCDA92B00936C69 /* DetailViewController.swift in Sources */ = {isa = PBXBuildFile; fileRef = 84D7BEB02BCDA92B00936C69 /* DetailViewController.swift */; };
		84D7BEB32BCDA93E00936C69 /* DetailCollectionViewCell.swift in Sources */ = {isa = PBXBuildFile; fileRef = 84D7BEB22BCDA93E00936C69 /* DetailCollectionViewCell.swift */; };
		84D7BEB62BCDA95900936C69 /* DetailModel.swift in Sources */ = {isa = PBXBuildFile; fileRef = 84D7BEB52BCDA95900936C69 /* DetailModel.swift */; };
		84D7BEBB2BCDA9B300936C69 /* CartModel.swift in Sources */ = {isa = PBXBuildFile; fileRef = 84D7BEBA2BCDA9B300936C69 /* CartModel.swift */; };
		84D7BEBD2BCDA9C000936C69 /* CartView.swift in Sources */ = {isa = PBXBuildFile; fileRef = 84D7BEBC2BCDA9C000936C69 /* CartView.swift */; };
		84D7BEBF2BCDA9E500936C69 /* CartViewController.swift in Sources */ = {isa = PBXBuildFile; fileRef = 84D7BEBE2BCDA9E500936C69 /* CartViewController.swift */; };
		84D7BEC42BCDAA2800936C69 /* WishListViewController.swift in Sources */ = {isa = PBXBuildFile; fileRef = 84D7BEC32BCDAA2800936C69 /* WishListViewController.swift */; };
		84D7BEC62BCDAA4100936C69 /* WishView.swift in Sources */ = {isa = PBXBuildFile; fileRef = 84D7BEC52BCDAA4100936C69 /* WishView.swift */; };
		84D7BEC82BCDAA6000936C69 /* WishModel.swift in Sources */ = {isa = PBXBuildFile; fileRef = 84D7BEC72BCDAA6000936C69 /* WishModel.swift */; };
		84D7BECD2BCDAB1300936C69 /* ProfileViewController.swift in Sources */ = {isa = PBXBuildFile; fileRef = 84D7BECC2BCDAB1300936C69 /* ProfileViewController.swift */; };
		84D7BECF2BCDAB4000936C69 /* ProfileView.swift in Sources */ = {isa = PBXBuildFile; fileRef = 84D7BECE2BCDAB4000936C69 /* ProfileView.swift */; };
		84D7BED12BCDAB5000936C69 /* ProfileUser.swift in Sources */ = {isa = PBXBuildFile; fileRef = 84D7BED02BCDAB5000936C69 /* ProfileUser.swift */; };
		84D7BED42BCDACA200936C69 /* SnapKit in Frameworks */ = {isa = PBXBuildFile; productRef = 84D7BED32BCDACA200936C69 /* SnapKit */; };
		84D7BED62BCDACA200936C69 /* SnapKit-Dynamic in Frameworks */ = {isa = PBXBuildFile; productRef = 84D7BED52BCDACA200936C69 /* SnapKit-Dynamic */; };
		84D7BED92BCDACAD00936C69 /* Kingfisher in Frameworks */ = {isa = PBXBuildFile; productRef = 84D7BED82BCDACAD00936C69 /* Kingfisher */; };
		84EE8E9D2BD5CDCE008FB910 /* API.swift in Sources */ = {isa = PBXBuildFile; fileRef = 84EE8E9C2BD5CDCE008FB910 /* API.swift */; };
		84EE8E9F2BD5CF4F008FB910 /* EndPoint.swift in Sources */ = {isa = PBXBuildFile; fileRef = 84EE8E9E2BD5CF4F008FB910 /* EndPoint.swift */; };
		84EE8EA12BD5D1C4008FB910 /* Model.swift in Sources */ = {isa = PBXBuildFile; fileRef = 84EE8EA02BD5D1C4008FB910 /* Model.swift */; };
		84EE8EA42BD6F115008FB910 /* CustomTextField.swift in Sources */ = {isa = PBXBuildFile; fileRef = 84EE8EA32BD6F115008FB910 /* CustomTextField.swift */; };
		84EE8EA92BD6F4C6008FB910 /* BaseRegistrationCell.swift in Sources */ = {isa = PBXBuildFile; fileRef = 84EE8EA82BD6F4C6008FB910 /* BaseRegistrationCell.swift */; };
		84EE8EAB2BD6F50B008FB910 /* FBButton.swift in Sources */ = {isa = PBXBuildFile; fileRef = 84EE8EAA2BD6F50B008FB910 /* FBButton.swift */; };
		84EE8EAD2BD6F532008FB910 /* ConfirmPasswordCell.swift in Sources */ = {isa = PBXBuildFile; fileRef = 84EE8EAC2BD6F532008FB910 /* ConfirmPasswordCell.swift */; };
		84EE8EAF2BD6F558008FB910 /* EmailAddressCell.swift in Sources */ = {isa = PBXBuildFile; fileRef = 84EE8EAE2BD6F558008FB910 /* EmailAddressCell.swift */; };
		84EE8EB12BD6F584008FB910 /* PasswordCell.swift in Sources */ = {isa = PBXBuildFile; fileRef = 84EE8EB02BD6F584008FB910 /* PasswordCell.swift */; };
		84EE8EB32BD6F5B4008FB910 /* UserNameCell.swift in Sources */ = {isa = PBXBuildFile; fileRef = 84EE8EB22BD6F5B4008FB910 /* UserNameCell.swift */; };
		84EE8EB52BD6F93A008FB910 /* GoogleService-Info.plist in Resources */ = {isa = PBXBuildFile; fileRef = 84EE8EB42BD6F93A008FB910 /* GoogleService-Info.plist */; };
		84F93C7E2BCDB131000D1973 /* Route in Frameworks */ = {isa = PBXBuildFile; productRef = 84F93C7D2BCDB131000D1973 /* Route */; };
		CB5E1A462BD17A27006B827F /* CartProductTableViewCell.swift in Sources */ = {isa = PBXBuildFile; fileRef = CB5E1A452BD17A27006B827F /* CartProductTableViewCell.swift */; };
		CB5E1A482BD39678006B827F /* PaymentViewController.swift in Sources */ = {isa = PBXBuildFile; fileRef = CB5E1A472BD39678006B827F /* PaymentViewController.swift */; };
		CB5E1A4A2BD39697006B827F /* PaymentView.swift in Sources */ = {isa = PBXBuildFile; fileRef = CB5E1A492BD39697006B827F /* PaymentView.swift */; };
		CB5E1A4C2BD397D0006B827F /* CartProductStepper.swift in Sources */ = {isa = PBXBuildFile; fileRef = CB5E1A4B2BD397D0006B827F /* CartProductStepper.swift */; };
		CB5E1A4E2BD3AAD8006B827F /* PaymentSuccessViewController.swift in Sources */ = {isa = PBXBuildFile; fileRef = CB5E1A4D2BD3AAD8006B827F /* PaymentSuccessViewController.swift */; };
		CB5E1A502BD3B7B6006B827F /* CartManager.swift in Sources */ = {isa = PBXBuildFile; fileRef = CB5E1A4F2BD3B7B6006B827F /* CartManager.swift */; };
		CB5E1A532BD3DCC0006B827F /* PaymentSuccessView.swift in Sources */ = {isa = PBXBuildFile; fileRef = CB5E1A522BD3DCC0006B827F /* PaymentSuccessView.swift */; };
/* End PBXBuildFile section */

/* Begin PBXFileReference section */
		362AF0242BD113FA002D74FF /* SectionSearchModel.swift */ = {isa = PBXFileReference; lastKnownFileType = sourcecode.swift; path = SectionSearchModel.swift; sourceTree = "<group>"; };
		362AF0262BD11557002D74FF /* SearchResultCollectionView.swift */ = {isa = PBXFileReference; lastKnownFileType = sourcecode.swift; path = SearchResultCollectionView.swift; sourceTree = "<group>"; };
		362AF02C2BD12777002D74FF /* SearchResultCell.swift */ = {isa = PBXFileReference; lastKnownFileType = sourcecode.swift; path = SearchResultCell.swift; sourceTree = "<group>"; };
		362AF02E2BD12DB6002D74FF /* HeaderSavesSerches.swift */ = {isa = PBXFileReference; lastKnownFileType = sourcecode.swift; path = HeaderSavesSerches.swift; sourceTree = "<group>"; };
		362AF0312BD135E3002D74FF /* SectionsSavesModel.swift */ = {isa = PBXFileReference; lastKnownFileType = sourcecode.swift; path = SectionsSavesModel.swift; sourceTree = "<group>"; };
		362AF0332BD136C4002D74FF /* SavesSearchesCollectionView.swift */ = {isa = PBXFileReference; lastKnownFileType = sourcecode.swift; path = SavesSearchesCollectionView.swift; sourceTree = "<group>"; };
		36651C792BD6A01A005ADA14 /* UICollectionView + Ext.swift */ = {isa = PBXFileReference; lastKnownFileType = sourcecode.swift; path = "UICollectionView + Ext.swift"; sourceTree = "<group>"; };
		36651C7B2BD6A041005ADA14 /* UICollectionViewCell + Ext.swift */ = {isa = PBXFileReference; lastKnownFileType = sourcecode.swift; path = "UICollectionViewCell + Ext.swift"; sourceTree = "<group>"; };
		36651C7E2BD6A167005ADA14 /* SearchResultManager.swift */ = {isa = PBXFileReference; lastKnownFileType = sourcecode.swift; path = SearchResultManager.swift; sourceTree = "<group>"; };
		36651C802BD7BF27005ADA14 /* UICollectionReusableView + Ext.swift */ = {isa = PBXFileReference; lastKnownFileType = sourcecode.swift; path = "UICollectionReusableView + Ext.swift"; sourceTree = "<group>"; };
		36651C862BD8ECBB005ADA14 /* ManagerViewController.swift */ = {isa = PBXFileReference; lastKnownFileType = sourcecode.swift; path = ManagerViewController.swift; sourceTree = "<group>"; };
		36651C8D2BDA6D53005ADA14 /* LocationManager.swift */ = {isa = PBXFileReference; lastKnownFileType = sourcecode.swift; path = LocationManager.swift; sourceTree = "<group>"; };
		36651C8F2BDA8490005ADA14 /* String + Ext.swift */ = {isa = PBXFileReference; lastKnownFileType = sourcecode.swift; path = "String + Ext.swift"; sourceTree = "<group>"; };
		36651C912BDBE6D2005ADA14 /* UITableViewCell + Ext.swift */ = {isa = PBXFileReference; lastKnownFileType = sourcecode.swift; path = "UITableViewCell + Ext.swift"; sourceTree = "<group>"; };
		36651C932BDCD752005ADA14 /* WishListManager.swift */ = {isa = PBXFileReference; lastKnownFileType = sourcecode.swift; path = WishListManager.swift; sourceTree = "<group>"; };
		366939B62BD295E4002A6549 /* UIViewController + Ext.swift */ = {isa = PBXFileReference; lastKnownFileType = sourcecode.swift; path = "UIViewController + Ext.swift"; sourceTree = "<group>"; };
		366939B82BD29846002A6549 /* StoreManagerDefaults.swift */ = {isa = PBXFileReference; lastKnownFileType = sourcecode.swift; path = StoreManagerDefaults.swift; sourceTree = "<group>"; };
		369AE5162BCEA54C009157D6 /* CustomTabBar.swift */ = {isa = PBXFileReference; lastKnownFileType = sourcecode.swift; path = CustomTabBar.swift; sourceTree = "<group>"; };
		833EE2672BCEEA7C0011BC4F /* Constants.swift */ = {isa = PBXFileReference; lastKnownFileType = sourcecode.swift; path = Constants.swift; sourceTree = "<group>"; };
		833EE26B2BCEF5C60011BC4F /* CustomNavigationBar.swift */ = {isa = PBXFileReference; lastKnownFileType = sourcecode.swift; path = CustomNavigationBar.swift; sourceTree = "<group>"; };
		833EE26E2BCEF7FA0011BC4F /* CustomNavigationBarButton.swift */ = {isa = PBXFileReference; lastKnownFileType = sourcecode.swift; path = CustomNavigationBarButton.swift; sourceTree = "<group>"; };
		833EE2712BCEF8F50011BC4F /* UIButton + Ext.swift */ = {isa = PBXFileReference; lastKnownFileType = sourcecode.swift; path = "UIButton + Ext.swift"; sourceTree = "<group>"; };
		833EE2732BCF012A0011BC4F /* BackButton.swift */ = {isa = PBXFileReference; lastKnownFileType = sourcecode.swift; path = BackButton.swift; sourceTree = "<group>"; };
		833EE2772BCF06740011BC4F /* BaseViewController.swift */ = {isa = PBXFileReference; lastKnownFileType = sourcecode.swift; path = BaseViewController.swift; sourceTree = "<group>"; };
		833EE2792BCF0CCC0011BC4F /* UISearchBar + Ext.swift */ = {isa = PBXFileReference; fileEncoding = 4; lastKnownFileType = sourcecode.swift; path = "UISearchBar + Ext.swift"; sourceTree = "<group>"; };
		833EE27B2BCF0CF70011BC4F /* UIImage + Ext.swift */ = {isa = PBXFileReference; fileEncoding = 4; lastKnownFileType = sourcecode.swift; path = "UIImage + Ext.swift"; sourceTree = "<group>"; };
		833EE27D2BCF0F430011BC4F /* UIView + Ext.swift */ = {isa = PBXFileReference; fileEncoding = 4; lastKnownFileType = sourcecode.swift; path = "UIView + Ext.swift"; sourceTree = "<group>"; };
		833EE2822BD121DE0011BC4F /* LocationView.swift */ = {isa = PBXFileReference; lastKnownFileType = sourcecode.swift; path = LocationView.swift; sourceTree = "<group>"; };
		83708C532BD2EDED009D71CD /* ProductTitleView.swift */ = {isa = PBXFileReference; lastKnownFileType = sourcecode.swift; path = ProductTitleView.swift; sourceTree = "<group>"; };
		83708C572BD44186009D71CD /* ProductDescriptionView.swift */ = {isa = PBXFileReference; lastKnownFileType = sourcecode.swift; path = ProductDescriptionView.swift; sourceTree = "<group>"; };
		83708C592BD445C2009D71CD /* NSCoder + Ext.swift */ = {isa = PBXFileReference; lastKnownFileType = sourcecode.swift; path = "NSCoder + Ext.swift"; sourceTree = "<group>"; };
		83708C5B2BD44E3C009D71CD /* ProductBottomView.swift */ = {isa = PBXFileReference; lastKnownFileType = sourcecode.swift; path = ProductBottomView.swift; sourceTree = "<group>"; };
		8493BB6A2BCEC08200E239B4 /* LogInViewController.swift */ = {isa = PBXFileReference; lastKnownFileType = sourcecode.swift; path = LogInViewController.swift; sourceTree = "<group>"; };
		8493BB6C2BCEC0A800E239B4 /* LogInView.swift */ = {isa = PBXFileReference; lastKnownFileType = sourcecode.swift; path = LogInView.swift; sourceTree = "<group>"; };
		8493BB6E2BCEC10000E239B4 /* LogInModel.swift */ = {isa = PBXFileReference; lastKnownFileType = sourcecode.swift; path = LogInModel.swift; sourceTree = "<group>"; };
		8493BB732BCEC15C00E239B4 /* SingUpViewController.swift */ = {isa = PBXFileReference; lastKnownFileType = sourcecode.swift; path = SingUpViewController.swift; sourceTree = "<group>"; };
		8493BB772BCEC17C00E239B4 /* SingUpModel.swift */ = {isa = PBXFileReference; lastKnownFileType = sourcecode.swift; path = SingUpModel.swift; sourceTree = "<group>"; };
		8493BB7C2BCEC37D00E239B4 /* AuthenticationManager.swift */ = {isa = PBXFileReference; lastKnownFileType = sourcecode.swift; path = AuthenticationManager.swift; sourceTree = "<group>"; };
		8493BB7E2BCEC39800E239B4 /* NetworkManager.swift */ = {isa = PBXFileReference; lastKnownFileType = sourcecode.swift; path = NetworkManager.swift; sourceTree = "<group>"; };
		8493BB812BCEF6AF00E239B4 /* Inter-Medium.ttf */ = {isa = PBXFileReference; lastKnownFileType = file; path = "Inter-Medium.ttf"; sourceTree = "<group>"; };
		8493BB822BCEF6AF00E239B4 /* Inter-SemiBold.ttf */ = {isa = PBXFileReference; lastKnownFileType = file; path = "Inter-SemiBold.ttf"; sourceTree = "<group>"; };
		8493BB832BCEF6AF00E239B4 /* Inter-ExtraLight.ttf */ = {isa = PBXFileReference; lastKnownFileType = file; path = "Inter-ExtraLight.ttf"; sourceTree = "<group>"; };
		8493BB842BCEF6AF00E239B4 /* Inter-Regular.ttf */ = {isa = PBXFileReference; lastKnownFileType = file; path = "Inter-Regular.ttf"; sourceTree = "<group>"; };
		8493BB852BCEF6AF00E239B4 /* Inter-ExtraBold.ttf */ = {isa = PBXFileReference; lastKnownFileType = file; path = "Inter-ExtraBold.ttf"; sourceTree = "<group>"; };
		8493BB862BCEF6AF00E239B4 /* Inter-Light.ttf */ = {isa = PBXFileReference; lastKnownFileType = file; path = "Inter-Light.ttf"; sourceTree = "<group>"; };
		8493BB872BCEF6AF00E239B4 /* Inter-Black.ttf */ = {isa = PBXFileReference; lastKnownFileType = file; path = "Inter-Black.ttf"; sourceTree = "<group>"; };
		8493BB882BCEF6AF00E239B4 /* Inter-Bold.ttf */ = {isa = PBXFileReference; lastKnownFileType = file; path = "Inter-Bold.ttf"; sourceTree = "<group>"; };
		8493BB892BCEF6AF00E239B4 /* Inter-Thin.ttf */ = {isa = PBXFileReference; lastKnownFileType = file; path = "Inter-Thin.ttf"; sourceTree = "<group>"; };
		8493BB8A2BCEF6D600E239B4 /* FontEnum.swift */ = {isa = PBXFileReference; lastKnownFileType = sourcecode.swift; path = FontEnum.swift; sourceTree = "<group>"; };
		8495630A2BDD3AE500E12960 /* ManagerCategoryView.swift */ = {isa = PBXFileReference; fileEncoding = 4; lastKnownFileType = sourcecode.swift; path = ManagerCategoryView.swift; sourceTree = "<group>"; };
		8495630B2BDD3AE500E12960 /* ManagerProductView.swift */ = {isa = PBXFileReference; fileEncoding = 4; lastKnownFileType = sourcecode.swift; path = ManagerProductView.swift; sourceTree = "<group>"; };
		8495630E2BDD3AF600E12960 /* ManagerView.swift */ = {isa = PBXFileReference; fileEncoding = 4; lastKnownFileType = sourcecode.swift; path = ManagerView.swift; sourceTree = "<group>"; };
		849563102BDD3B0200E12960 /* ManagerCategoryViewController.swift */ = {isa = PBXFileReference; fileEncoding = 4; lastKnownFileType = sourcecode.swift; path = ManagerCategoryViewController.swift; sourceTree = "<group>"; };
		849563112BDD3B0200E12960 /* ManagerProductViewController.swift */ = {isa = PBXFileReference; fileEncoding = 4; lastKnownFileType = sourcecode.swift; path = ManagerProductViewController.swift; sourceTree = "<group>"; };
		84C0ABA72BD02FE1009076B2 /* CompositionalLayout.swift */ = {isa = PBXFileReference; fileEncoding = 4; lastKnownFileType = sourcecode.swift; path = CompositionalLayout.swift; sourceTree = "<group>"; };
		84C0ABA82BD02FE1009076B2 /* Label + ext.swift */ = {isa = PBXFileReference; fileEncoding = 4; lastKnownFileType = sourcecode.swift; path = "Label + ext.swift"; sourceTree = "<group>"; };
		84C0ABA92BD02FE1009076B2 /* UIImage + ext.swift */ = {isa = PBXFileReference; fileEncoding = 4; lastKnownFileType = sourcecode.swift; path = "UIImage + ext.swift"; sourceTree = "<group>"; };
		84C0ABAA2BD02FE1009076B2 /* UIimageView + ext.swift */ = {isa = PBXFileReference; fileEncoding = 4; lastKnownFileType = sourcecode.swift; path = "UIimageView + ext.swift"; sourceTree = "<group>"; };
		84C0ABAC2BD02FE1009076B2 /* FilterModel.swift */ = {isa = PBXFileReference; fileEncoding = 4; lastKnownFileType = sourcecode.swift; path = FilterModel.swift; sourceTree = "<group>"; };
		84C0ABAD2BD02FE1009076B2 /* HomeModel.swift */ = {isa = PBXFileReference; fileEncoding = 4; lastKnownFileType = sourcecode.swift; path = HomeModel.swift; sourceTree = "<group>"; };
		84C0ABAE2BD02FE1009076B2 /* ItemModel.swift */ = {isa = PBXFileReference; fileEncoding = 4; lastKnownFileType = sourcecode.swift; path = ItemModel.swift; sourceTree = "<group>"; };
		84C0ABAF2BD02FE1009076B2 /* SectionModel.swift */ = {isa = PBXFileReference; fileEncoding = 4; lastKnownFileType = sourcecode.swift; path = SectionModel.swift; sourceTree = "<group>"; };
		84C0ABB12BD02FE1009076B2 /* CategoriesCell.swift */ = {isa = PBXFileReference; fileEncoding = 4; lastKnownFileType = sourcecode.swift; path = CategoriesCell.swift; sourceTree = "<group>"; };
		84C0ABB22BD02FE1009076B2 /* HeaderProductsView.swift */ = {isa = PBXFileReference; fileEncoding = 4; lastKnownFileType = sourcecode.swift; path = HeaderProductsView.swift; sourceTree = "<group>"; };
		84C0ABB32BD02FE1009076B2 /* ProductCell.swift */ = {isa = PBXFileReference; fileEncoding = 4; lastKnownFileType = sourcecode.swift; path = ProductCell.swift; sourceTree = "<group>"; };
		84C0ABB42BD02FE1009076B2 /* SearchBarCell.swift */ = {isa = PBXFileReference; fileEncoding = 4; lastKnownFileType = sourcecode.swift; path = SearchBarCell.swift; sourceTree = "<group>"; };
		84C0ABB62BD02FE1009076B2 /* HomeCollectionView.swift */ = {isa = PBXFileReference; fileEncoding = 4; lastKnownFileType = sourcecode.swift; path = HomeCollectionView.swift; sourceTree = "<group>"; };
		84C0ABB72BD02FE1009076B2 /* HomeSearchBar.swift */ = {isa = PBXFileReference; fileEncoding = 4; lastKnownFileType = sourcecode.swift; path = HomeSearchBar.swift; sourceTree = "<group>"; };
		84C0ABB82BD02FE1009076B2 /* HomeView.swift */ = {isa = PBXFileReference; fileEncoding = 4; lastKnownFileType = sourcecode.swift; path = HomeView.swift; sourceTree = "<group>"; };
		84C0ABBA2BD02FE1009076B2 /* HomeViewController.swift */ = {isa = PBXFileReference; fileEncoding = 4; lastKnownFileType = sourcecode.swift; path = HomeViewController.swift; sourceTree = "<group>"; };
		84C0ABCD2BD03015009076B2 /* OnbordingModel.swift */ = {isa = PBXFileReference; fileEncoding = 4; lastKnownFileType = sourcecode.swift; path = OnbordingModel.swift; sourceTree = "<group>"; };
		84C0ABCF2BD03015009076B2 /* OnbordingCell.swift */ = {isa = PBXFileReference; fileEncoding = 4; lastKnownFileType = sourcecode.swift; path = OnbordingCell.swift; sourceTree = "<group>"; };
		84C0ABD02BD03015009076B2 /* UIPageControl + ext.swift */ = {isa = PBXFileReference; fileEncoding = 4; lastKnownFileType = sourcecode.swift; path = "UIPageControl + ext.swift"; sourceTree = "<group>"; };
		84C0ABD22BD03015009076B2 /* OnbordingViewController.swift */ = {isa = PBXFileReference; fileEncoding = 4; lastKnownFileType = sourcecode.swift; path = OnbordingViewController.swift; sourceTree = "<group>"; };
		84C0ABD92BD158B2009076B2 /* PhotoEditViewController.swift */ = {isa = PBXFileReference; fileEncoding = 4; lastKnownFileType = sourcecode.swift; path = PhotoEditViewController.swift; sourceTree = "<group>"; };
		84C0ABDB2BD158C1009076B2 /* TermsViewController.swift */ = {isa = PBXFileReference; fileEncoding = 4; lastKnownFileType = sourcecode.swift; path = TermsViewController.swift; sourceTree = "<group>"; };
		84C0ABDD2BD158D9009076B2 /* PhotoEditView.swift */ = {isa = PBXFileReference; fileEncoding = 4; lastKnownFileType = sourcecode.swift; path = PhotoEditView.swift; sourceTree = "<group>"; };
		84C0ABDF2BD158E1009076B2 /* TermsView.swift */ = {isa = PBXFileReference; fileEncoding = 4; lastKnownFileType = sourcecode.swift; path = TermsView.swift; sourceTree = "<group>"; };
		84D7BE792BCD8F9500936C69 /* OnlineStore.app */ = {isa = PBXFileReference; explicitFileType = wrapper.application; includeInIndex = 0; path = OnlineStore.app; sourceTree = BUILT_PRODUCTS_DIR; };
		84D7BE7C2BCD8F9500936C69 /* AppDelegate.swift */ = {isa = PBXFileReference; lastKnownFileType = sourcecode.swift; path = AppDelegate.swift; sourceTree = "<group>"; };
		84D7BE7E2BCD8F9500936C69 /* SceneDelegate.swift */ = {isa = PBXFileReference; lastKnownFileType = sourcecode.swift; path = SceneDelegate.swift; sourceTree = "<group>"; };
		84D7BE852BCD8F9800936C69 /* Assets.xcassets */ = {isa = PBXFileReference; lastKnownFileType = folder.assetcatalog; path = Assets.xcassets; sourceTree = "<group>"; };
		84D7BE882BCD8F9800936C69 /* Base */ = {isa = PBXFileReference; lastKnownFileType = file.storyboard; name = Base; path = Base.lproj/LaunchScreen.storyboard; sourceTree = "<group>"; };
		84D7BE8A2BCD8F9800936C69 /* Info.plist */ = {isa = PBXFileReference; lastKnownFileType = text.plist.xml; path = Info.plist; sourceTree = "<group>"; };
		84D7BEA72BCDA8A000936C69 /* SerchViewController.swift */ = {isa = PBXFileReference; lastKnownFileType = sourcecode.swift; path = SerchViewController.swift; sourceTree = "<group>"; };
		84D7BEA92BCDA8B200936C69 /* SearchView.swift */ = {isa = PBXFileReference; lastKnownFileType = sourcecode.swift; path = SearchView.swift; sourceTree = "<group>"; };
		84D7BEAB2BCDA8C700936C69 /* SavesSerchesModel.swift */ = {isa = PBXFileReference; lastKnownFileType = sourcecode.swift; path = SavesSerchesModel.swift; sourceTree = "<group>"; };
		84D7BEB02BCDA92B00936C69 /* DetailViewController.swift */ = {isa = PBXFileReference; lastKnownFileType = sourcecode.swift; path = DetailViewController.swift; sourceTree = "<group>"; };
		84D7BEB22BCDA93E00936C69 /* DetailCollectionViewCell.swift */ = {isa = PBXFileReference; lastKnownFileType = sourcecode.swift; path = DetailCollectionViewCell.swift; sourceTree = "<group>"; };
		84D7BEB52BCDA95900936C69 /* DetailModel.swift */ = {isa = PBXFileReference; lastKnownFileType = sourcecode.swift; path = DetailModel.swift; sourceTree = "<group>"; };
		84D7BEBA2BCDA9B300936C69 /* CartModel.swift */ = {isa = PBXFileReference; lastKnownFileType = sourcecode.swift; path = CartModel.swift; sourceTree = "<group>"; };
		84D7BEBC2BCDA9C000936C69 /* CartView.swift */ = {isa = PBXFileReference; lastKnownFileType = sourcecode.swift; path = CartView.swift; sourceTree = "<group>"; };
		84D7BEBE2BCDA9E500936C69 /* CartViewController.swift */ = {isa = PBXFileReference; lastKnownFileType = sourcecode.swift; path = CartViewController.swift; sourceTree = "<group>"; };
		84D7BEC32BCDAA2800936C69 /* WishListViewController.swift */ = {isa = PBXFileReference; lastKnownFileType = sourcecode.swift; path = WishListViewController.swift; sourceTree = "<group>"; };
		84D7BEC52BCDAA4100936C69 /* WishView.swift */ = {isa = PBXFileReference; lastKnownFileType = sourcecode.swift; path = WishView.swift; sourceTree = "<group>"; };
		84D7BEC72BCDAA6000936C69 /* WishModel.swift */ = {isa = PBXFileReference; lastKnownFileType = sourcecode.swift; path = WishModel.swift; sourceTree = "<group>"; };
		84D7BECC2BCDAB1300936C69 /* ProfileViewController.swift */ = {isa = PBXFileReference; lastKnownFileType = sourcecode.swift; path = ProfileViewController.swift; sourceTree = "<group>"; };
		84D7BECE2BCDAB4000936C69 /* ProfileView.swift */ = {isa = PBXFileReference; lastKnownFileType = sourcecode.swift; path = ProfileView.swift; sourceTree = "<group>"; };
		84D7BED02BCDAB5000936C69 /* ProfileUser.swift */ = {isa = PBXFileReference; lastKnownFileType = sourcecode.swift; path = ProfileUser.swift; sourceTree = "<group>"; };
		84EE8E9C2BD5CDCE008FB910 /* API.swift */ = {isa = PBXFileReference; lastKnownFileType = sourcecode.swift; path = API.swift; sourceTree = "<group>"; };
		84EE8E9E2BD5CF4F008FB910 /* EndPoint.swift */ = {isa = PBXFileReference; lastKnownFileType = sourcecode.swift; path = EndPoint.swift; sourceTree = "<group>"; };
		84EE8EA02BD5D1C4008FB910 /* Model.swift */ = {isa = PBXFileReference; lastKnownFileType = sourcecode.swift; path = Model.swift; sourceTree = "<group>"; };
		84EE8EA32BD6F115008FB910 /* CustomTextField.swift */ = {isa = PBXFileReference; lastKnownFileType = sourcecode.swift; path = CustomTextField.swift; sourceTree = "<group>"; };
		84EE8EA82BD6F4C6008FB910 /* BaseRegistrationCell.swift */ = {isa = PBXFileReference; lastKnownFileType = sourcecode.swift; path = BaseRegistrationCell.swift; sourceTree = "<group>"; };
		84EE8EAA2BD6F50B008FB910 /* FBButton.swift */ = {isa = PBXFileReference; lastKnownFileType = sourcecode.swift; path = FBButton.swift; sourceTree = "<group>"; };
		84EE8EAC2BD6F532008FB910 /* ConfirmPasswordCell.swift */ = {isa = PBXFileReference; lastKnownFileType = sourcecode.swift; path = ConfirmPasswordCell.swift; sourceTree = "<group>"; };
		84EE8EAE2BD6F558008FB910 /* EmailAddressCell.swift */ = {isa = PBXFileReference; lastKnownFileType = sourcecode.swift; path = EmailAddressCell.swift; sourceTree = "<group>"; };
		84EE8EB02BD6F584008FB910 /* PasswordCell.swift */ = {isa = PBXFileReference; lastKnownFileType = sourcecode.swift; path = PasswordCell.swift; sourceTree = "<group>"; };
		84EE8EB22BD6F5B4008FB910 /* UserNameCell.swift */ = {isa = PBXFileReference; lastKnownFileType = sourcecode.swift; path = UserNameCell.swift; sourceTree = "<group>"; };
		84EE8EB42BD6F93A008FB910 /* GoogleService-Info.plist */ = {isa = PBXFileReference; fileEncoding = 4; lastKnownFileType = text.plist.xml; path = "GoogleService-Info.plist"; sourceTree = "<group>"; };
		CB5E1A452BD17A27006B827F /* CartProductTableViewCell.swift */ = {isa = PBXFileReference; lastKnownFileType = sourcecode.swift; path = CartProductTableViewCell.swift; sourceTree = "<group>"; };
		CB5E1A472BD39678006B827F /* PaymentViewController.swift */ = {isa = PBXFileReference; lastKnownFileType = sourcecode.swift; path = PaymentViewController.swift; sourceTree = "<group>"; };
		CB5E1A492BD39697006B827F /* PaymentView.swift */ = {isa = PBXFileReference; lastKnownFileType = sourcecode.swift; path = PaymentView.swift; sourceTree = "<group>"; };
		CB5E1A4B2BD397D0006B827F /* CartProductStepper.swift */ = {isa = PBXFileReference; lastKnownFileType = sourcecode.swift; path = CartProductStepper.swift; sourceTree = "<group>"; };
		CB5E1A4D2BD3AAD8006B827F /* PaymentSuccessViewController.swift */ = {isa = PBXFileReference; lastKnownFileType = sourcecode.swift; path = PaymentSuccessViewController.swift; sourceTree = "<group>"; };
		CB5E1A4F2BD3B7B6006B827F /* CartManager.swift */ = {isa = PBXFileReference; lastKnownFileType = sourcecode.swift; path = CartManager.swift; sourceTree = "<group>"; };
		CB5E1A522BD3DCC0006B827F /* PaymentSuccessView.swift */ = {isa = PBXFileReference; lastKnownFileType = sourcecode.swift; path = PaymentSuccessView.swift; sourceTree = "<group>"; };
/* End PBXFileReference section */

/* Begin PBXFrameworksBuildPhase section */
		84D7BE762BCD8F9500936C69 /* Frameworks */ = {
			isa = PBXFrameworksBuildPhase;
			buildActionMask = 2147483647;
			files = (
				8493BB432BCEBF1D00E239B4 /* FirebaseDatabaseSwift in Frameworks */,
				84F93C7E2BCDB131000D1973 /* Route in Frameworks */,
				8493BB5B2BCEBF1D00E239B4 /* FirebasePerformance in Frameworks */,
				8493BB5D2BCEBF1D00E239B4 /* FirebaseRemoteConfig in Frameworks */,
				8493BB312BCEBF1D00E239B4 /* FirebaseAnalyticsOnDeviceConversion in Frameworks */,
				8493BB552BCEBF1D00E239B4 /* FirebaseInstallations in Frameworks */,
				8493BB492BCEBF1D00E239B4 /* FirebaseFirestoreCombine-Community in Frameworks */,
				8493BB532BCEBF1D00E239B4 /* FirebaseInAppMessagingSwift-Beta in Frameworks */,
				84D7BED92BCDACAD00936C69 /* Kingfisher in Frameworks */,
				8493BB572BCEBF1D00E239B4 /* FirebaseMLModelDownloader in Frameworks */,
				8493BB592BCEBF1D00E239B4 /* FirebaseMessaging in Frameworks */,
				8493BB4B2BCEBF1D00E239B4 /* FirebaseFirestoreSwift in Frameworks */,
				8493BB472BCEBF1D00E239B4 /* FirebaseFirestore in Frameworks */,
				8493BB4D2BCEBF1D00E239B4 /* FirebaseFunctions in Frameworks */,
				84D7BED42BCDACA200936C69 /* SnapKit in Frameworks */,
				8493BB332BCEBF1D00E239B4 /* FirebaseAnalyticsSwift in Frameworks */,
				8493BB2F2BCEBF1D00E239B4 /* FirebaseAnalytics in Frameworks */,
				84D7BED62BCDACA200936C69 /* SnapKit-Dynamic in Frameworks */,
				8493BB3D2BCEBF1D00E239B4 /* FirebaseAuthCombine-Community in Frameworks */,
				8493BB3B2BCEBF1D00E239B4 /* FirebaseAuth in Frameworks */,
				8493BB4F2BCEBF1D00E239B4 /* FirebaseFunctionsCombine-Community in Frameworks */,
				8493BB3F2BCEBF1D00E239B4 /* FirebaseCrashlytics in Frameworks */,
				8493BB452BCEBF1D00E239B4 /* FirebaseDynamicLinks in Frameworks */,
				8493BB612BCEBF1D00E239B4 /* FirebaseStorage in Frameworks */,
				8493BB512BCEBF1D00E239B4 /* FirebaseInAppMessaging-Beta in Frameworks */,
				8493BB5F2BCEBF1D00E239B4 /* FirebaseRemoteConfigSwift in Frameworks */,
				8493BB392BCEBF1D00E239B4 /* FirebaseAppDistribution-Beta in Frameworks */,
				8493BB632BCEBF1D00E239B4 /* FirebaseStorageCombine-Community in Frameworks */,
				8493BB372BCEBF1D00E239B4 /* FirebaseAppCheck in Frameworks */,
				8493BB412BCEBF1D00E239B4 /* FirebaseDatabase in Frameworks */,
				8493BB352BCEBF1D00E239B4 /* FirebaseAnalyticsWithoutAdIdSupport in Frameworks */,
			);
			runOnlyForDeploymentPostprocessing = 0;
		};
/* End PBXFrameworksBuildPhase section */

/* Begin PBXGroup section */
		362AF0302BD13470002D74FF /* Cells */ = {
			isa = PBXGroup;
			children = (
				362AF02E2BD12DB6002D74FF /* HeaderSavesSerches.swift */,
				362AF02C2BD12777002D74FF /* SearchResultCell.swift */,
			);
			path = Cells;
			sourceTree = "<group>";
		};
		36651C7D2BD6A14E005ADA14 /* ResultSearch */ = {
			isa = PBXGroup;
			children = (
				36651C7E2BD6A167005ADA14 /* SearchResultManager.swift */,
			);
			path = ResultSearch;
			sourceTree = "<group>";
		};
		36651C822BD8EC45005ADA14 /* Manager */ = {
			isa = PBXGroup;
			children = (
				36651C842BD8EC81005ADA14 /* Model */,
				36651C852BD8EC8B005ADA14 /* View */,
				36651C832BD8EC71005ADA14 /* ViewController */,
			);
			path = Manager;
			sourceTree = "<group>";
		};
		36651C832BD8EC71005ADA14 /* ViewController */ = {
			isa = PBXGroup;
			children = (
				849563102BDD3B0200E12960 /* ManagerCategoryViewController.swift */,
				849563112BDD3B0200E12960 /* ManagerProductViewController.swift */,
				36651C862BD8ECBB005ADA14 /* ManagerViewController.swift */,
			);
			path = ViewController;
			sourceTree = "<group>";
		};
		36651C842BD8EC81005ADA14 /* Model */ = {
			isa = PBXGroup;
			children = (
			);
			path = Model;
			sourceTree = "<group>";
		};
		36651C852BD8EC8B005ADA14 /* View */ = {
			isa = PBXGroup;
			children = (
				8495630A2BDD3AE500E12960 /* ManagerCategoryView.swift */,
				8495630B2BDD3AE500E12960 /* ManagerProductView.swift */,
				8495630E2BDD3AF600E12960 /* ManagerView.swift */,
			);
			path = View;
			sourceTree = "<group>";
		};
		36651C8C2BDA6D36005ADA14 /* Location */ = {
			isa = PBXGroup;
			children = (
				36651C8D2BDA6D53005ADA14 /* LocationManager.swift */,
			);
			path = Location;
			sourceTree = "<group>";
		};
		36651C952BDCE197005ADA14 /* WishList */ = {
			isa = PBXGroup;
			children = (
				36651C932BDCD752005ADA14 /* WishListManager.swift */,
			);
			path = WishList;
			sourceTree = "<group>";
		};
		366939BA2BD2B1F3002A6549 /* StoreManager */ = {
			isa = PBXGroup;
			children = (
				366939B82BD29846002A6549 /* StoreManagerDefaults.swift */,
			);
			path = StoreManager;
			sourceTree = "<group>";
		};
		369AE5142BCEA461009157D6 /* TabBar */ = {
			isa = PBXGroup;
			children = (
				369AE5162BCEA54C009157D6 /* CustomTabBar.swift */,
			);
			path = TabBar;
			sourceTree = "<group>";
		};
		833EE2692BCEF5770011BC4F /* CustomViews */ = {
			isa = PBXGroup;
			children = (
				84EE8EA22BD6F0F6008FB910 /* Customtextfields */,
				833EE2762BCF065E0011BC4F /* Base */,
				833EE2752BCF01300011BC4F /* BackButton */,
				833EE2812BD121AE0011BC4F /* LocationView */,
				833EE26D2BCEF7C70011BC4F /* CustomNavigationBarButton */,
				833EE26A2BCEF58F0011BC4F /* CustomNavigationBar */,
			);
			path = CustomViews;
			sourceTree = "<group>";
		};
		833EE26A2BCEF58F0011BC4F /* CustomNavigationBar */ = {
			isa = PBXGroup;
			children = (
				833EE26B2BCEF5C60011BC4F /* CustomNavigationBar.swift */,
			);
			path = CustomNavigationBar;
			sourceTree = "<group>";
		};
		833EE26D2BCEF7C70011BC4F /* CustomNavigationBarButton */ = {
			isa = PBXGroup;
			children = (
				833EE26E2BCEF7FA0011BC4F /* CustomNavigationBarButton.swift */,
			);
			path = CustomNavigationBarButton;
			sourceTree = "<group>";
		};
		833EE2702BCEF8B40011BC4F /* Extensions */ = {
			isa = PBXGroup;
			children = (
				833EE27D2BCF0F430011BC4F /* UIView + Ext.swift */,
				833EE2712BCEF8F50011BC4F /* UIButton + Ext.swift */,
				833EE2792BCF0CCC0011BC4F /* UISearchBar + Ext.swift */,
				833EE27B2BCF0CF70011BC4F /* UIImage + Ext.swift */,
				366939B62BD295E4002A6549 /* UIViewController + Ext.swift */,
				83708C592BD445C2009D71CD /* NSCoder + Ext.swift */,
				36651C792BD6A01A005ADA14 /* UICollectionView + Ext.swift */,
				36651C7B2BD6A041005ADA14 /* UICollectionViewCell + Ext.swift */,
				36651C802BD7BF27005ADA14 /* UICollectionReusableView + Ext.swift */,
				36651C8F2BDA8490005ADA14 /* String + Ext.swift */,
				36651C912BDBE6D2005ADA14 /* UITableViewCell + Ext.swift */,
			);
			path = Extensions;
			sourceTree = "<group>";
		};
		833EE2752BCF01300011BC4F /* BackButton */ = {
			isa = PBXGroup;
			children = (
				833EE2732BCF012A0011BC4F /* BackButton.swift */,
			);
			path = BackButton;
			sourceTree = "<group>";
		};
		833EE2762BCF065E0011BC4F /* Base */ = {
			isa = PBXGroup;
			children = (
				833EE2772BCF06740011BC4F /* BaseViewController.swift */,
			);
			path = Base;
			sourceTree = "<group>";
		};
		833EE2812BD121AE0011BC4F /* LocationView */ = {
			isa = PBXGroup;
			children = (
				833EE2822BD121DE0011BC4F /* LocationView.swift */,
			);
			path = LocationView;
			sourceTree = "<group>";
		};
		8493BB642BCEBFE400E239B4 /* Authorization */ = {
			isa = PBXGroup;
			children = (
				8493BB652BCEC00200E239B4 /* LogIn */,
				8493BB662BCEC00D00E239B4 /* SingUp */,
			);
			path = Authorization;
			sourceTree = "<group>";
		};
		8493BB652BCEC00200E239B4 /* LogIn */ = {
			isa = PBXGroup;
			children = (
				8493BB692BCEC02C00E239B4 /* Model */,
				8493BB682BCEC02600E239B4 /* View */,
				8493BB672BCEC01B00E239B4 /* ViewController */,
			);
			path = LogIn;
			sourceTree = "<group>";
		};
		8493BB662BCEC00D00E239B4 /* SingUp */ = {
			isa = PBXGroup;
			children = (
				8493BB722BCEC11600E239B4 /* Model */,
				8493BB712BCEC11000E239B4 /* Views */,
				8493BB702BCEC10600E239B4 /* ViewController */,
			);
			path = SingUp;
			sourceTree = "<group>";
		};
		8493BB672BCEC01B00E239B4 /* ViewController */ = {
			isa = PBXGroup;
			children = (
				8493BB6A2BCEC08200E239B4 /* LogInViewController.swift */,
			);
			path = ViewController;
			sourceTree = "<group>";
		};
		8493BB682BCEC02600E239B4 /* View */ = {
			isa = PBXGroup;
			children = (
				8493BB6C2BCEC0A800E239B4 /* LogInView.swift */,
			);
			path = View;
			sourceTree = "<group>";
		};
		8493BB692BCEC02C00E239B4 /* Model */ = {
			isa = PBXGroup;
			children = (
				8493BB6E2BCEC10000E239B4 /* LogInModel.swift */,
			);
			path = Model;
			sourceTree = "<group>";
		};
		8493BB702BCEC10600E239B4 /* ViewController */ = {
			isa = PBXGroup;
			children = (
				8493BB732BCEC15C00E239B4 /* SingUpViewController.swift */,
			);
			path = ViewController;
			sourceTree = "<group>";
		};
		8493BB712BCEC11000E239B4 /* Views */ = {
			isa = PBXGroup;
			children = (
				84EE8EA72BD6F497008FB910 /* RegistrationCells */,
				84EE8EA62BD6F487008FB910 /* Buttons */,
				84EE8EA52BD6F463008FB910 /* Base */,
			);
			path = Views;
			sourceTree = "<group>";
		};
		8493BB722BCEC11600E239B4 /* Model */ = {
			isa = PBXGroup;
			children = (
				8493BB772BCEC17C00E239B4 /* SingUpModel.swift */,
			);
			path = Model;
			sourceTree = "<group>";
		};
		8493BB792BCEC2F300E239B4 /* Manager */ = {
			isa = PBXGroup;
			children = (
				36651C952BDCE197005ADA14 /* WishList */,
				36651C8C2BDA6D36005ADA14 /* Location */,
				36651C7D2BD6A14E005ADA14 /* ResultSearch */,
				CB5E1A512BD3B7BC006B827F /* Cart */,
				366939BA2BD2B1F3002A6549 /* StoreManager */,
				8493BB7A2BCEC30C00E239B4 /* Network */,
				8493BB7B2BCEC34B00E239B4 /* Authentication */,
			);
			path = Manager;
			sourceTree = "<group>";
		};
		8493BB7A2BCEC30C00E239B4 /* Network */ = {
			isa = PBXGroup;
			children = (
				8493BB7E2BCEC39800E239B4 /* NetworkManager.swift */,
				84EE8E9C2BD5CDCE008FB910 /* API.swift */,
				84EE8E9E2BD5CF4F008FB910 /* EndPoint.swift */,
				84EE8EA02BD5D1C4008FB910 /* Model.swift */,
			);
			path = Network;
			sourceTree = "<group>";
		};
		8493BB7B2BCEC34B00E239B4 /* Authentication */ = {
			isa = PBXGroup;
			children = (
				8493BB7C2BCEC37D00E239B4 /* AuthenticationManager.swift */,
			);
			path = Authentication;
			sourceTree = "<group>";
		};
		8493BB802BCEF6A000E239B4 /* Fonts */ = {
			isa = PBXGroup;
			children = (
				8493BB872BCEF6AF00E239B4 /* Inter-Black.ttf */,
				8493BB882BCEF6AF00E239B4 /* Inter-Bold.ttf */,
				8493BB852BCEF6AF00E239B4 /* Inter-ExtraBold.ttf */,
				8493BB832BCEF6AF00E239B4 /* Inter-ExtraLight.ttf */,
				8493BB862BCEF6AF00E239B4 /* Inter-Light.ttf */,
				8493BB812BCEF6AF00E239B4 /* Inter-Medium.ttf */,
				8493BB842BCEF6AF00E239B4 /* Inter-Regular.ttf */,
				8493BB822BCEF6AF00E239B4 /* Inter-SemiBold.ttf */,
				8493BB892BCEF6AF00E239B4 /* Inter-Thin.ttf */,
			);
			path = Fonts;
			sourceTree = "<group>";
		};
		84C0ABAB2BD02FE1009076B2 /* Helpers */ = {
			isa = PBXGroup;
			children = (
				84C0ABA72BD02FE1009076B2 /* CompositionalLayout.swift */,
				84C0ABA82BD02FE1009076B2 /* Label + ext.swift */,
				84C0ABA92BD02FE1009076B2 /* UIImage + ext.swift */,
				84C0ABAA2BD02FE1009076B2 /* UIimageView + ext.swift */,
			);
			path = Helpers;
			sourceTree = "<group>";
		};
		84C0ABB02BD02FE1009076B2 /* Model */ = {
			isa = PBXGroup;
			children = (
				84C0ABAC2BD02FE1009076B2 /* FilterModel.swift */,
				84C0ABAD2BD02FE1009076B2 /* HomeModel.swift */,
				84C0ABAE2BD02FE1009076B2 /* ItemModel.swift */,
				84C0ABAF2BD02FE1009076B2 /* SectionModel.swift */,
			);
			path = Model;
			sourceTree = "<group>";
		};
		84C0ABB52BD02FE1009076B2 /* Cells */ = {
			isa = PBXGroup;
			children = (
				84C0ABB12BD02FE1009076B2 /* CategoriesCell.swift */,
				84C0ABB22BD02FE1009076B2 /* HeaderProductsView.swift */,
				84C0ABB32BD02FE1009076B2 /* ProductCell.swift */,
				84C0ABB42BD02FE1009076B2 /* SearchBarCell.swift */,
			);
			path = Cells;
			sourceTree = "<group>";
		};
		84C0ABB92BD02FE1009076B2 /* View */ = {
			isa = PBXGroup;
			children = (
				84C0ABB52BD02FE1009076B2 /* Cells */,
				84C0ABB62BD02FE1009076B2 /* HomeCollectionView.swift */,
				84C0ABB72BD02FE1009076B2 /* HomeSearchBar.swift */,
				84C0ABB82BD02FE1009076B2 /* HomeView.swift */,
			);
			path = View;
			sourceTree = "<group>";
		};
		84C0ABBB2BD02FE1009076B2 /* ViewController */ = {
			isa = PBXGroup;
			children = (
				84C0ABBA2BD02FE1009076B2 /* HomeViewController.swift */,
			);
			path = ViewController;
			sourceTree = "<group>";
		};
		84C0ABBC2BD02FE1009076B2 /* Home */ = {
			isa = PBXGroup;
			children = (
				84C0ABAB2BD02FE1009076B2 /* Helpers */,
				84C0ABB02BD02FE1009076B2 /* Model */,
				84C0ABB92BD02FE1009076B2 /* View */,
				84C0ABBB2BD02FE1009076B2 /* ViewController */,
			);
			path = Home;
			sourceTree = "<group>";
		};
		84C0ABCE2BD03015009076B2 /* Model */ = {
			isa = PBXGroup;
			children = (
				84C0ABCD2BD03015009076B2 /* OnbordingModel.swift */,
			);
			path = Model;
			sourceTree = "<group>";
		};
		84C0ABD12BD03015009076B2 /* View */ = {
			isa = PBXGroup;
			children = (
				84C0ABCF2BD03015009076B2 /* OnbordingCell.swift */,
				84C0ABD02BD03015009076B2 /* UIPageControl + ext.swift */,
			);
			path = View;
			sourceTree = "<group>";
		};
		84C0ABD32BD03015009076B2 /* ViewController */ = {
			isa = PBXGroup;
			children = (
				84C0ABD22BD03015009076B2 /* OnbordingViewController.swift */,
			);
			path = ViewController;
			sourceTree = "<group>";
		};
		84C0ABD42BD03015009076B2 /* Onbording */ = {
			isa = PBXGroup;
			children = (
				84C0ABCE2BD03015009076B2 /* Model */,
				84C0ABD12BD03015009076B2 /* View */,
				84C0ABD32BD03015009076B2 /* ViewController */,
			);
			path = Onbording;
			sourceTree = "<group>";
		};
		84D7BE702BCD8F9500936C69 = {
			isa = PBXGroup;
			children = (
				84D7BE7B2BCD8F9500936C69 /* OnlineStore */,
				84D7BE7A2BCD8F9500936C69 /* Products */,
			);
			sourceTree = "<group>";
		};
		84D7BE7A2BCD8F9500936C69 /* Products */ = {
			isa = PBXGroup;
			children = (
				84D7BE792BCD8F9500936C69 /* OnlineStore.app */,
			);
			name = Products;
			sourceTree = "<group>";
		};
		84D7BE7B2BCD8F9500936C69 /* OnlineStore */ = {
			isa = PBXGroup;
			children = (
				833EE2702BCEF8B40011BC4F /* Extensions */,
				833EE2692BCEF5770011BC4F /* CustomViews */,
				84D7BE902BCD909100936C69 /* App */,
				84D7BE922BCD90FE00936C69 /* Modules */,
				8493BB792BCEC2F300E239B4 /* Manager */,
				84D7BE912BCD90A100936C69 /* SupportFile */,
			);
			path = OnlineStore;
			sourceTree = "<group>";
		};
		84D7BE902BCD909100936C69 /* App */ = {
			isa = PBXGroup;
			children = (
				84D7BE7C2BCD8F9500936C69 /* AppDelegate.swift */,
				84D7BE7E2BCD8F9500936C69 /* SceneDelegate.swift */,
			);
			path = App;
			sourceTree = "<group>";
		};
		84D7BE912BCD90A100936C69 /* SupportFile */ = {
			isa = PBXGroup;
			children = (
				8493BB802BCEF6A000E239B4 /* Fonts */,
				8493BB8A2BCEF6D600E239B4 /* FontEnum.swift */,
				84D7BE852BCD8F9800936C69 /* Assets.xcassets */,
				84D7BE872BCD8F9800936C69 /* LaunchScreen.storyboard */,
				84D7BE8A2BCD8F9800936C69 /* Info.plist */,
				84EE8EB42BD6F93A008FB910 /* GoogleService-Info.plist */,
				833EE2672BCEEA7C0011BC4F /* Constants.swift */,
			);
			path = SupportFile;
			sourceTree = "<group>";
		};
		84D7BE922BCD90FE00936C69 /* Modules */ = {
			isa = PBXGroup;
			children = (
				36651C822BD8EC45005ADA14 /* Manager */,
				84C0ABD42BD03015009076B2 /* Onbording */,
				8493BB642BCEBFE400E239B4 /* Authorization */,
				369AE5142BCEA461009157D6 /* TabBar */,
				84C0ABBC2BD02FE1009076B2 /* Home */,
				84D7BE942BCDA45A00936C69 /* Search Result */,
				84D7BE952BCDA47000936C69 /* Detail */,
				84D7BE962BCDA48100936C69 /* Cart */,
				84D7BE972BCDA49700936C69 /* WishList */,
				84D7BE982BCDA58100936C69 /* Profile */,
			);
			path = Modules;
			sourceTree = "<group>";
		};
		84D7BE942BCDA45A00936C69 /* Search Result */ = {
			isa = PBXGroup;
			children = (
				84D7BEA62BCDA87900936C69 /* Model */,
				84D7BEA52BCDA87200936C69 /* View */,
				84D7BEA42BCDA86900936C69 /* ViewController */,
			);
			path = "Search Result";
			sourceTree = "<group>";
		};
		84D7BE952BCDA47000936C69 /* Detail */ = {
			isa = PBXGroup;
			children = (
				84D7BEAF2BCDA8DF00936C69 /* Model */,
				84D7BEAE2BCDA8DA00936C69 /* Views */,
				84D7BEAD2BCDA8CD00936C69 /* ViewController */,
			);
			path = Detail;
			sourceTree = "<group>";
		};
		84D7BE962BCDA48100936C69 /* Cart */ = {
			isa = PBXGroup;
			children = (
				84D7BEB92BCDA98300936C69 /* Model */,
				84D7BEB82BCDA97700936C69 /* View */,
				84D7BEB72BCDA96C00936C69 /* ViewController */,
			);
			path = Cart;
			sourceTree = "<group>";
		};
		84D7BE972BCDA49700936C69 /* WishList */ = {
			isa = PBXGroup;
			children = (
				84D7BEC22BCDA9FE00936C69 /* Model */,
				84D7BEC12BCDA9F600936C69 /* View */,
				84D7BEC02BCDA9EB00936C69 /* ViewController */,
			);
			path = WishList;
			sourceTree = "<group>";
		};
		84D7BE982BCDA58100936C69 /* Profile */ = {
			isa = PBXGroup;
			children = (
				84D7BECB2BCDAA8F00936C69 /* Model */,
				84D7BECA2BCDAA8700936C69 /* View */,
				84D7BEC92BCDAA6C00936C69 /* ViewController */,
			);
			path = Profile;
			sourceTree = "<group>";
		};
		84D7BEA42BCDA86900936C69 /* ViewController */ = {
			isa = PBXGroup;
			children = (
				84D7BEA72BCDA8A000936C69 /* SerchViewController.swift */,
			);
			path = ViewController;
			sourceTree = "<group>";
		};
		84D7BEA52BCDA87200936C69 /* View */ = {
			isa = PBXGroup;
			children = (
				362AF0302BD13470002D74FF /* Cells */,
				84D7BEA92BCDA8B200936C69 /* SearchView.swift */,
				362AF0262BD11557002D74FF /* SearchResultCollectionView.swift */,
				362AF0332BD136C4002D74FF /* SavesSearchesCollectionView.swift */,
			);
			path = View;
			sourceTree = "<group>";
		};
		84D7BEA62BCDA87900936C69 /* Model */ = {
			isa = PBXGroup;
			children = (
				84D7BEAB2BCDA8C700936C69 /* SavesSerchesModel.swift */,
				362AF0242BD113FA002D74FF /* SectionSearchModel.swift */,
				362AF0312BD135E3002D74FF /* SectionsSavesModel.swift */,
			);
			path = Model;
			sourceTree = "<group>";
		};
		84D7BEAD2BCDA8CD00936C69 /* ViewController */ = {
			isa = PBXGroup;
			children = (
				84D7BEB02BCDA92B00936C69 /* DetailViewController.swift */,
			);
			path = ViewController;
			sourceTree = "<group>";
		};
		84D7BEAE2BCDA8DA00936C69 /* Views */ = {
			isa = PBXGroup;
			children = (
				84D7BEB22BCDA93E00936C69 /* DetailCollectionViewCell.swift */,
				83708C532BD2EDED009D71CD /* ProductTitleView.swift */,
				83708C572BD44186009D71CD /* ProductDescriptionView.swift */,
				83708C5B2BD44E3C009D71CD /* ProductBottomView.swift */,
			);
			path = Views;
			sourceTree = "<group>";
		};
		84D7BEAF2BCDA8DF00936C69 /* Model */ = {
			isa = PBXGroup;
			children = (
				84D7BEB52BCDA95900936C69 /* DetailModel.swift */,
			);
			path = Model;
			sourceTree = "<group>";
		};
		84D7BEB72BCDA96C00936C69 /* ViewController */ = {
			isa = PBXGroup;
			children = (
				84D7BEBE2BCDA9E500936C69 /* CartViewController.swift */,
				CB5E1A472BD39678006B827F /* PaymentViewController.swift */,
				CB5E1A4D2BD3AAD8006B827F /* PaymentSuccessViewController.swift */,
			);
			path = ViewController;
			sourceTree = "<group>";
		};
		84D7BEB82BCDA97700936C69 /* View */ = {
			isa = PBXGroup;
			children = (
				CB5E1A542BD3DDA8006B827F /* Cell */,
				84D7BEBC2BCDA9C000936C69 /* CartView.swift */,
				CB5E1A4B2BD397D0006B827F /* CartProductStepper.swift */,
				CB5E1A492BD39697006B827F /* PaymentView.swift */,
				CB5E1A522BD3DCC0006B827F /* PaymentSuccessView.swift */,
			);
			path = View;
			sourceTree = "<group>";
		};
		84D7BEB92BCDA98300936C69 /* Model */ = {
			isa = PBXGroup;
			children = (
				84D7BEBA2BCDA9B300936C69 /* CartModel.swift */,
			);
			path = Model;
			sourceTree = "<group>";
		};
		84D7BEC02BCDA9EB00936C69 /* ViewController */ = {
			isa = PBXGroup;
			children = (
				84D7BEC32BCDAA2800936C69 /* WishListViewController.swift */,
			);
			path = ViewController;
			sourceTree = "<group>";
		};
		84D7BEC12BCDA9F600936C69 /* View */ = {
			isa = PBXGroup;
			children = (
				84D7BEC52BCDAA4100936C69 /* WishView.swift */,
			);
			path = View;
			sourceTree = "<group>";
		};
		84D7BEC22BCDA9FE00936C69 /* Model */ = {
			isa = PBXGroup;
			children = (
				84D7BEC72BCDAA6000936C69 /* WishModel.swift */,
			);
			path = Model;
			sourceTree = "<group>";
		};
		84D7BEC92BCDAA6C00936C69 /* ViewController */ = {
			isa = PBXGroup;
			children = (
				84C0ABD92BD158B2009076B2 /* PhotoEditViewController.swift */,
				84C0ABDB2BD158C1009076B2 /* TermsViewController.swift */,
				84D7BECC2BCDAB1300936C69 /* ProfileViewController.swift */,
			);
			path = ViewController;
			sourceTree = "<group>";
		};
		84D7BECA2BCDAA8700936C69 /* View */ = {
			isa = PBXGroup;
			children = (
				84C0ABDF2BD158E1009076B2 /* TermsView.swift */,
				84C0ABDD2BD158D9009076B2 /* PhotoEditView.swift */,
				84D7BECE2BCDAB4000936C69 /* ProfileView.swift */,
			);
			path = View;
			sourceTree = "<group>";
		};
		84D7BECB2BCDAA8F00936C69 /* Model */ = {
			isa = PBXGroup;
			children = (
				84D7BED02BCDAB5000936C69 /* ProfileUser.swift */,
			);
			path = Model;
			sourceTree = "<group>";
		};
		84EE8EA22BD6F0F6008FB910 /* Customtextfields */ = {
			isa = PBXGroup;
			children = (
				84EE8EA32BD6F115008FB910 /* CustomTextField.swift */,
			);
			path = Customtextfields;
			sourceTree = "<group>";
		};
		84EE8EA52BD6F463008FB910 /* Base */ = {
			isa = PBXGroup;
			children = (
				84EE8EA82BD6F4C6008FB910 /* BaseRegistrationCell.swift */,
			);
			path = Base;
			sourceTree = "<group>";
		};
		84EE8EA62BD6F487008FB910 /* Buttons */ = {
			isa = PBXGroup;
			children = (
				84EE8EAA2BD6F50B008FB910 /* FBButton.swift */,
			);
			path = Buttons;
			sourceTree = "<group>";
		};
		84EE8EA72BD6F497008FB910 /* RegistrationCells */ = {
			isa = PBXGroup;
			children = (
				84EE8EAC2BD6F532008FB910 /* ConfirmPasswordCell.swift */,
				84EE8EAE2BD6F558008FB910 /* EmailAddressCell.swift */,
				84EE8EB02BD6F584008FB910 /* PasswordCell.swift */,
				84EE8EB22BD6F5B4008FB910 /* UserNameCell.swift */,
			);
			path = RegistrationCells;
			sourceTree = "<group>";
		};
		CB5E1A512BD3B7BC006B827F /* Cart */ = {
			isa = PBXGroup;
			children = (
				CB5E1A4F2BD3B7B6006B827F /* CartManager.swift */,
			);
			path = Cart;
			sourceTree = "<group>";
		};
		CB5E1A542BD3DDA8006B827F /* Cell */ = {
			isa = PBXGroup;
			children = (
				CB5E1A452BD17A27006B827F /* CartProductTableViewCell.swift */,
			);
			path = Cell;
			sourceTree = "<group>";
		};
/* End PBXGroup section */

/* Begin PBXNativeTarget section */
		84D7BE782BCD8F9500936C69 /* OnlineStore */ = {
			isa = PBXNativeTarget;
			buildConfigurationList = 84D7BE8D2BCD8F9800936C69 /* Build configuration list for PBXNativeTarget "OnlineStore" */;
			buildPhases = (
				84D7BE752BCD8F9500936C69 /* Sources */,
				84D7BE762BCD8F9500936C69 /* Frameworks */,
				84D7BE772BCD8F9500936C69 /* Resources */,
			);
			buildRules = (
			);
			dependencies = (
			);
			name = OnlineStore;
			packageProductDependencies = (
				84D7BED32BCDACA200936C69 /* SnapKit */,
				84D7BED52BCDACA200936C69 /* SnapKit-Dynamic */,
				84D7BED82BCDACAD00936C69 /* Kingfisher */,
				84F93C7D2BCDB131000D1973 /* Route */,
				8493BB2E2BCEBF1D00E239B4 /* FirebaseAnalytics */,
				8493BB302BCEBF1D00E239B4 /* FirebaseAnalyticsOnDeviceConversion */,
				8493BB322BCEBF1D00E239B4 /* FirebaseAnalyticsSwift */,
				8493BB342BCEBF1D00E239B4 /* FirebaseAnalyticsWithoutAdIdSupport */,
				8493BB362BCEBF1D00E239B4 /* FirebaseAppCheck */,
				8493BB382BCEBF1D00E239B4 /* FirebaseAppDistribution-Beta */,
				8493BB3A2BCEBF1D00E239B4 /* FirebaseAuth */,
				8493BB3C2BCEBF1D00E239B4 /* FirebaseAuthCombine-Community */,
				8493BB3E2BCEBF1D00E239B4 /* FirebaseCrashlytics */,
				8493BB402BCEBF1D00E239B4 /* FirebaseDatabase */,
				8493BB422BCEBF1D00E239B4 /* FirebaseDatabaseSwift */,
				8493BB442BCEBF1D00E239B4 /* FirebaseDynamicLinks */,
				8493BB462BCEBF1D00E239B4 /* FirebaseFirestore */,
				8493BB482BCEBF1D00E239B4 /* FirebaseFirestoreCombine-Community */,
				8493BB4A2BCEBF1D00E239B4 /* FirebaseFirestoreSwift */,
				8493BB4C2BCEBF1D00E239B4 /* FirebaseFunctions */,
				8493BB4E2BCEBF1D00E239B4 /* FirebaseFunctionsCombine-Community */,
				8493BB502BCEBF1D00E239B4 /* FirebaseInAppMessaging-Beta */,
				8493BB522BCEBF1D00E239B4 /* FirebaseInAppMessagingSwift-Beta */,
				8493BB542BCEBF1D00E239B4 /* FirebaseInstallations */,
				8493BB562BCEBF1D00E239B4 /* FirebaseMLModelDownloader */,
				8493BB582BCEBF1D00E239B4 /* FirebaseMessaging */,
				8493BB5A2BCEBF1D00E239B4 /* FirebasePerformance */,
				8493BB5C2BCEBF1D00E239B4 /* FirebaseRemoteConfig */,
				8493BB5E2BCEBF1D00E239B4 /* FirebaseRemoteConfigSwift */,
				8493BB602BCEBF1D00E239B4 /* FirebaseStorage */,
				8493BB622BCEBF1D00E239B4 /* FirebaseStorageCombine-Community */,
			);
			productName = OnlineStore;
			productReference = 84D7BE792BCD8F9500936C69 /* OnlineStore.app */;
			productType = "com.apple.product-type.application";
		};
/* End PBXNativeTarget section */

/* Begin PBXProject section */
		84D7BE712BCD8F9500936C69 /* Project object */ = {
			isa = PBXProject;
			attributes = {
				BuildIndependentTargetsInParallel = 1;
				LastSwiftUpdateCheck = 1530;
				LastUpgradeCheck = 1530;
				TargetAttributes = {
					84D7BE782BCD8F9500936C69 = {
						CreatedOnToolsVersion = 15.3;
					};
				};
			};
			buildConfigurationList = 84D7BE742BCD8F9500936C69 /* Build configuration list for PBXProject "OnlineStore" */;
			compatibilityVersion = "Xcode 14.0";
			developmentRegion = en;
			hasScannedForEncodings = 0;
			knownRegions = (
				en,
				Base,
			);
			mainGroup = 84D7BE702BCD8F9500936C69;
			packageReferences = (
				84D7BED22BCDACA200936C69 /* XCRemoteSwiftPackageReference "SnapKit" */,
				84D7BED72BCDACAD00936C69 /* XCRemoteSwiftPackageReference "Kingfisher" */,
				84F93C7C2BCDB131000D1973 /* XCRemoteSwiftPackageReference "Route" */,
				8493BB2D2BCEBF1D00E239B4 /* XCRemoteSwiftPackageReference "firebase-ios-sdk" */,
			);
			productRefGroup = 84D7BE7A2BCD8F9500936C69 /* Products */;
			projectDirPath = "";
			projectRoot = "";
			targets = (
				84D7BE782BCD8F9500936C69 /* OnlineStore */,
			);
		};
/* End PBXProject section */

/* Begin PBXResourcesBuildPhase section */
		84D7BE772BCD8F9500936C69 /* Resources */ = {
			isa = PBXResourcesBuildPhase;
			buildActionMask = 2147483647;
			files = (
				84D7BE862BCD8F9800936C69 /* Assets.xcassets in Resources */,
				84EE8EB52BD6F93A008FB910 /* GoogleService-Info.plist in Resources */,
				84D7BE892BCD8F9800936C69 /* Base in Resources */,
			);
			runOnlyForDeploymentPostprocessing = 0;
		};
/* End PBXResourcesBuildPhase section */

/* Begin PBXSourcesBuildPhase section */
		84D7BE752BCD8F9500936C69 /* Sources */ = {
			isa = PBXSourcesBuildPhase;
			buildActionMask = 2147483647;
			files = (
				36651C902BDA8490005ADA14 /* String + Ext.swift in Sources */,
				36651C922BDBE6D3005ADA14 /* UITableViewCell + Ext.swift in Sources */,
				84C0ABC52BD02FE1009076B2 /* CategoriesCell.swift in Sources */,
				833EE27C2BCF0CF70011BC4F /* UIImage + Ext.swift in Sources */,
				84C0ABD52BD03015009076B2 /* OnbordingModel.swift in Sources */,
				CB5E1A4A2BD39697006B827F /* PaymentView.swift in Sources */,
				84D7BEC82BCDAA6000936C69 /* WishModel.swift in Sources */,
				84C0ABD62BD03015009076B2 /* OnbordingCell.swift in Sources */,
				84D7BEB62BCDA95900936C69 /* DetailModel.swift in Sources */,
				CB5E1A4C2BD397D0006B827F /* CartProductStepper.swift in Sources */,
				8495630F2BDD3AF700E12960 /* ManagerView.swift in Sources */,
				84C0ABC12BD02FE1009076B2 /* FilterModel.swift in Sources */,
				84C0ABC62BD02FE1009076B2 /* HeaderProductsView.swift in Sources */,
				84D7BEAA2BCDA8B200936C69 /* SearchView.swift in Sources */,
				849563122BDD3B0200E12960 /* ManagerCategoryViewController.swift in Sources */,
				84D7BEAC2BCDA8C700936C69 /* SavesSerchesModel.swift in Sources */,
				833EE2782BCF06740011BC4F /* BaseViewController.swift in Sources */,
				83708C582BD44186009D71CD /* ProductDescriptionView.swift in Sources */,
				84C0ABBE2BD02FE1009076B2 /* Label + ext.swift in Sources */,
				833EE26C2BCEF5C60011BC4F /* CustomNavigationBar.swift in Sources */,
				36651C7C2BD6A041005ADA14 /* UICollectionViewCell + Ext.swift in Sources */,
				36651C8E2BDA6D53005ADA14 /* LocationManager.swift in Sources */,
				84C0ABCC2BD02FE1009076B2 /* HomeViewController.swift in Sources */,
				833EE27E2BCF0F430011BC4F /* UIView + Ext.swift in Sources */,
				833EE2742BCF012A0011BC4F /* BackButton.swift in Sources */,
				833EE2682BCEEA7C0011BC4F /* Constants.swift in Sources */,
				84C0ABD72BD03015009076B2 /* UIPageControl + ext.swift in Sources */,
				84D7BEA82BCDA8A000936C69 /* SerchViewController.swift in Sources */,
				84D7BEC42BCDAA2800936C69 /* WishListViewController.swift in Sources */,
				362AF0342BD136C4002D74FF /* SavesSearchesCollectionView.swift in Sources */,
				8493BB742BCEC15C00E239B4 /* SingUpViewController.swift in Sources */,
				CB5E1A482BD39678006B827F /* PaymentViewController.swift in Sources */,
				84D7BEBF2BCDA9E500936C69 /* CartViewController.swift in Sources */,
				CB5E1A502BD3B7B6006B827F /* CartManager.swift in Sources */,
				84C0ABC72BD02FE1009076B2 /* ProductCell.swift in Sources */,
				84D7BECD2BCDAB1300936C69 /* ProfileViewController.swift in Sources */,
				833EE2722BCEF8F50011BC4F /* UIButton + Ext.swift in Sources */,
				366939B92BD29846002A6549 /* StoreManagerDefaults.swift in Sources */,
				8493BB782BCEC17C00E239B4 /* SingUpModel.swift in Sources */,
				36651C872BD8ECBB005ADA14 /* ManagerViewController.swift in Sources */,
				84C0ABDA2BD158B2009076B2 /* PhotoEditViewController.swift in Sources */,
				84EE8E9D2BD5CDCE008FB910 /* API.swift in Sources */,
				84C0ABC42BD02FE1009076B2 /* SectionModel.swift in Sources */,
				84C0ABC02BD02FE1009076B2 /* UIimageView + ext.swift in Sources */,
				84C0ABBF2BD02FE1009076B2 /* UIImage + ext.swift in Sources */,
				84C0ABC82BD02FE1009076B2 /* SearchBarCell.swift in Sources */,
				36651C7F2BD6A167005ADA14 /* SearchResultManager.swift in Sources */,
				8493BB6D2BCEC0A800E239B4 /* LogInView.swift in Sources */,
				84D7BEB32BCDA93E00936C69 /* DetailCollectionViewCell.swift in Sources */,
				84C0ABC92BD02FE1009076B2 /* HomeCollectionView.swift in Sources */,
				84D7BE7D2BCD8F9500936C69 /* AppDelegate.swift in Sources */,
				8493BB7F2BCEC39800E239B4 /* NetworkManager.swift in Sources */,
				36651C812BD7BF27005ADA14 /* UICollectionReusableView + Ext.swift in Sources */,
				84D7BECF2BCDAB4000936C69 /* ProfileView.swift in Sources */,
				84C0ABCA2BD02FE1009076B2 /* HomeSearchBar.swift in Sources */,
				CB5E1A532BD3DCC0006B827F /* PaymentSuccessView.swift in Sources */,
				362AF02F2BD12DB6002D74FF /* HeaderSavesSerches.swift in Sources */,
				84D7BEBD2BCDA9C000936C69 /* CartView.swift in Sources */,
				8493BB7D2BCEC37D00E239B4 /* AuthenticationManager.swift in Sources */,
				833EE27A2BCF0CCC0011BC4F /* UISearchBar + Ext.swift in Sources */,
				83708C5C2BD44E3C009D71CD /* ProductBottomView.swift in Sources */,
				84EE8EAD2BD6F532008FB910 /* ConfirmPasswordCell.swift in Sources */,
				8493BB6B2BCEC08200E239B4 /* LogInViewController.swift in Sources */,
				CB5E1A4E2BD3AAD8006B827F /* PaymentSuccessViewController.swift in Sources */,
				84EE8EB12BD6F584008FB910 /* PasswordCell.swift in Sources */,
				84EE8EAF2BD6F558008FB910 /* EmailAddressCell.swift in Sources */,
				84C0ABD82BD03015009076B2 /* OnbordingViewController.swift in Sources */,
				84EE8EA42BD6F115008FB910 /* CustomTextField.swift in Sources */,
				84EE8EB32BD6F5B4008FB910 /* UserNameCell.swift in Sources */,
				833EE26F2BCEF7FA0011BC4F /* CustomNavigationBarButton.swift in Sources */,
				83708C5A2BD445C2009D71CD /* NSCoder + Ext.swift in Sources */,
				84C0ABDC2BD158C1009076B2 /* TermsViewController.swift in Sources */,
				CB5E1A462BD17A27006B827F /* CartProductTableViewCell.swift in Sources */,
				84D7BED12BCDAB5000936C69 /* ProfileUser.swift in Sources */,
				84C0ABCB2BD02FE1009076B2 /* HomeView.swift in Sources */,
				362AF02D2BD12777002D74FF /* SearchResultCell.swift in Sources */,
				8493BB8B2BCEF6D600E239B4 /* FontEnum.swift in Sources */,
				84EE8E9F2BD5CF4F008FB910 /* EndPoint.swift in Sources */,
				84D7BEBB2BCDA9B300936C69 /* CartModel.swift in Sources */,
				369AE5172BCEA54C009157D6 /* CustomTabBar.swift in Sources */,
				84EE8EA92BD6F4C6008FB910 /* BaseRegistrationCell.swift in Sources */,
				84EE8EAB2BD6F50B008FB910 /* FBButton.swift in Sources */,
				84D7BEB12BCDA92B00936C69 /* DetailViewController.swift in Sources */,
				84C0ABE02BD158E1009076B2 /* TermsView.swift in Sources */,
				8495630C2BDD3AE500E12960 /* ManagerCategoryView.swift in Sources */,
				366939B72BD295E4002A6549 /* UIViewController + Ext.swift in Sources */,
				362AF0252BD113FA002D74FF /* SectionSearchModel.swift in Sources */,
				83708C542BD2EDED009D71CD /* ProductTitleView.swift in Sources */,
				849563132BDD3B0200E12960 /* ManagerProductViewController.swift in Sources */,
				84C0ABC32BD02FE1009076B2 /* ItemModel.swift in Sources */,
				36651C7A2BD6A01A005ADA14 /* UICollectionView + Ext.swift in Sources */,
				362AF0272BD11557002D74FF /* SearchResultCollectionView.swift in Sources */,
				8495630D2BDD3AE500E12960 /* ManagerProductView.swift in Sources */,
				36651C942BDCD753005ADA14 /* WishListManager.swift in Sources */,
				362AF0322BD135E3002D74FF /* SectionsSavesModel.swift in Sources */,
				84EE8EA12BD5D1C4008FB910 /* Model.swift in Sources */,
				84D7BE7F2BCD8F9500936C69 /* SceneDelegate.swift in Sources */,
				84C0ABC22BD02FE1009076B2 /* HomeModel.swift in Sources */,
				8493BB6F2BCEC10000E239B4 /* LogInModel.swift in Sources */,
				84D7BEC62BCDAA4100936C69 /* WishView.swift in Sources */,
				833EE2832BD121DE0011BC4F /* LocationView.swift in Sources */,
				84C0ABBD2BD02FE1009076B2 /* CompositionalLayout.swift in Sources */,
				84C0ABDE2BD158DA009076B2 /* PhotoEditView.swift in Sources */,
			);
			runOnlyForDeploymentPostprocessing = 0;
		};
/* End PBXSourcesBuildPhase section */

/* Begin PBXVariantGroup section */
		84D7BE872BCD8F9800936C69 /* LaunchScreen.storyboard */ = {
			isa = PBXVariantGroup;
			children = (
				84D7BE882BCD8F9800936C69 /* Base */,
			);
			name = LaunchScreen.storyboard;
			sourceTree = "<group>";
		};
/* End PBXVariantGroup section */

/* Begin XCBuildConfiguration section */
		84D7BE8B2BCD8F9800936C69 /* Debug */ = {
			isa = XCBuildConfiguration;
			buildSettings = {
				ALWAYS_SEARCH_USER_PATHS = NO;
				ASSETCATALOG_COMPILER_GENERATE_SWIFT_ASSET_SYMBOL_EXTENSIONS = YES;
				CLANG_ANALYZER_NONNULL = YES;
				CLANG_ANALYZER_NUMBER_OBJECT_CONVERSION = YES_AGGRESSIVE;
				CLANG_CXX_LANGUAGE_STANDARD = "gnu++20";
				CLANG_ENABLE_MODULES = YES;
				CLANG_ENABLE_OBJC_ARC = YES;
				CLANG_ENABLE_OBJC_WEAK = YES;
				CLANG_WARN_BLOCK_CAPTURE_AUTORELEASING = YES;
				CLANG_WARN_BOOL_CONVERSION = YES;
				CLANG_WARN_COMMA = YES;
				CLANG_WARN_CONSTANT_CONVERSION = YES;
				CLANG_WARN_DEPRECATED_OBJC_IMPLEMENTATIONS = YES;
				CLANG_WARN_DIRECT_OBJC_ISA_USAGE = YES_ERROR;
				CLANG_WARN_DOCUMENTATION_COMMENTS = YES;
				CLANG_WARN_EMPTY_BODY = YES;
				CLANG_WARN_ENUM_CONVERSION = YES;
				CLANG_WARN_INFINITE_RECURSION = YES;
				CLANG_WARN_INT_CONVERSION = YES;
				CLANG_WARN_NON_LITERAL_NULL_CONVERSION = YES;
				CLANG_WARN_OBJC_IMPLICIT_RETAIN_SELF = YES;
				CLANG_WARN_OBJC_LITERAL_CONVERSION = YES;
				CLANG_WARN_OBJC_ROOT_CLASS = YES_ERROR;
				CLANG_WARN_QUOTED_INCLUDE_IN_FRAMEWORK_HEADER = YES;
				CLANG_WARN_RANGE_LOOP_ANALYSIS = YES;
				CLANG_WARN_STRICT_PROTOTYPES = YES;
				CLANG_WARN_SUSPICIOUS_MOVE = YES;
				CLANG_WARN_UNGUARDED_AVAILABILITY = YES_AGGRESSIVE;
				CLANG_WARN_UNREACHABLE_CODE = YES;
				CLANG_WARN__DUPLICATE_METHOD_MATCH = YES;
				COPY_PHASE_STRIP = NO;
				DEBUG_INFORMATION_FORMAT = dwarf;
				ENABLE_STRICT_OBJC_MSGSEND = YES;
				ENABLE_TESTABILITY = YES;
				ENABLE_USER_SCRIPT_SANDBOXING = YES;
				GCC_C_LANGUAGE_STANDARD = gnu17;
				GCC_DYNAMIC_NO_PIC = NO;
				GCC_NO_COMMON_BLOCKS = YES;
				GCC_OPTIMIZATION_LEVEL = 0;
				GCC_PREPROCESSOR_DEFINITIONS = (
					"DEBUG=1",
					"$(inherited)",
				);
				GCC_WARN_64_TO_32_BIT_CONVERSION = YES;
				GCC_WARN_ABOUT_RETURN_TYPE = YES_ERROR;
				GCC_WARN_UNDECLARED_SELECTOR = YES;
				GCC_WARN_UNINITIALIZED_AUTOS = YES_AGGRESSIVE;
				GCC_WARN_UNUSED_FUNCTION = YES;
				GCC_WARN_UNUSED_VARIABLE = YES;
				IPHONEOS_DEPLOYMENT_TARGET = 17.4;
				LOCALIZATION_PREFERS_STRING_CATALOGS = YES;
				MTL_ENABLE_DEBUG_INFO = INCLUDE_SOURCE;
				MTL_FAST_MATH = YES;
				ONLY_ACTIVE_ARCH = YES;
				SDKROOT = iphoneos;
				SWIFT_ACTIVE_COMPILATION_CONDITIONS = "DEBUG $(inherited)";
				SWIFT_OPTIMIZATION_LEVEL = "-Onone";
			};
			name = Debug;
		};
		84D7BE8C2BCD8F9800936C69 /* Release */ = {
			isa = XCBuildConfiguration;
			buildSettings = {
				ALWAYS_SEARCH_USER_PATHS = NO;
				ASSETCATALOG_COMPILER_GENERATE_SWIFT_ASSET_SYMBOL_EXTENSIONS = YES;
				CLANG_ANALYZER_NONNULL = YES;
				CLANG_ANALYZER_NUMBER_OBJECT_CONVERSION = YES_AGGRESSIVE;
				CLANG_CXX_LANGUAGE_STANDARD = "gnu++20";
				CLANG_ENABLE_MODULES = YES;
				CLANG_ENABLE_OBJC_ARC = YES;
				CLANG_ENABLE_OBJC_WEAK = YES;
				CLANG_WARN_BLOCK_CAPTURE_AUTORELEASING = YES;
				CLANG_WARN_BOOL_CONVERSION = YES;
				CLANG_WARN_COMMA = YES;
				CLANG_WARN_CONSTANT_CONVERSION = YES;
				CLANG_WARN_DEPRECATED_OBJC_IMPLEMENTATIONS = YES;
				CLANG_WARN_DIRECT_OBJC_ISA_USAGE = YES_ERROR;
				CLANG_WARN_DOCUMENTATION_COMMENTS = YES;
				CLANG_WARN_EMPTY_BODY = YES;
				CLANG_WARN_ENUM_CONVERSION = YES;
				CLANG_WARN_INFINITE_RECURSION = YES;
				CLANG_WARN_INT_CONVERSION = YES;
				CLANG_WARN_NON_LITERAL_NULL_CONVERSION = YES;
				CLANG_WARN_OBJC_IMPLICIT_RETAIN_SELF = YES;
				CLANG_WARN_OBJC_LITERAL_CONVERSION = YES;
				CLANG_WARN_OBJC_ROOT_CLASS = YES_ERROR;
				CLANG_WARN_QUOTED_INCLUDE_IN_FRAMEWORK_HEADER = YES;
				CLANG_WARN_RANGE_LOOP_ANALYSIS = YES;
				CLANG_WARN_STRICT_PROTOTYPES = YES;
				CLANG_WARN_SUSPICIOUS_MOVE = YES;
				CLANG_WARN_UNGUARDED_AVAILABILITY = YES_AGGRESSIVE;
				CLANG_WARN_UNREACHABLE_CODE = YES;
				CLANG_WARN__DUPLICATE_METHOD_MATCH = YES;
				COPY_PHASE_STRIP = NO;
				DEBUG_INFORMATION_FORMAT = "dwarf-with-dsym";
				ENABLE_NS_ASSERTIONS = NO;
				ENABLE_STRICT_OBJC_MSGSEND = YES;
				ENABLE_USER_SCRIPT_SANDBOXING = YES;
				GCC_C_LANGUAGE_STANDARD = gnu17;
				GCC_NO_COMMON_BLOCKS = YES;
				GCC_WARN_64_TO_32_BIT_CONVERSION = YES;
				GCC_WARN_ABOUT_RETURN_TYPE = YES_ERROR;
				GCC_WARN_UNDECLARED_SELECTOR = YES;
				GCC_WARN_UNINITIALIZED_AUTOS = YES_AGGRESSIVE;
				GCC_WARN_UNUSED_FUNCTION = YES;
				GCC_WARN_UNUSED_VARIABLE = YES;
				IPHONEOS_DEPLOYMENT_TARGET = 17.4;
				LOCALIZATION_PREFERS_STRING_CATALOGS = YES;
				MTL_ENABLE_DEBUG_INFO = NO;
				MTL_FAST_MATH = YES;
				SDKROOT = iphoneos;
				SWIFT_COMPILATION_MODE = wholemodule;
				VALIDATE_PRODUCT = YES;
			};
			name = Release;
		};
		84D7BE8E2BCD8F9800936C69 /* Debug */ = {
			isa = XCBuildConfiguration;
			buildSettings = {
				ASSETCATALOG_COMPILER_APPICON_NAME = AppIcon;
				ASSETCATALOG_COMPILER_GLOBAL_ACCENT_COLOR_NAME = AccentColor;
				CODE_SIGN_STYLE = Automatic;
				CURRENT_PROJECT_VERSION = 1;
				DEVELOPMENT_TEAM = R5SS3C487L;
				GENERATE_INFOPLIST_FILE = YES;
				INFOPLIST_FILE = OnlineStore/SupportFile/Info.plist;
				INFOPLIST_KEY_UIApplicationSupportsIndirectInputEvents = YES;
				INFOPLIST_KEY_UILaunchStoryboardName = LaunchScreen;
				INFOPLIST_KEY_UISupportedInterfaceOrientations = UIInterfaceOrientationPortrait;
				INFOPLIST_KEY_UISupportedInterfaceOrientations_iPad = "UIInterfaceOrientationLandscapeLeft UIInterfaceOrientationLandscapeRight UIInterfaceOrientationPortrait UIInterfaceOrientationPortraitUpsideDown";
				IPHONEOS_DEPLOYMENT_TARGET = 15.0;
				LD_RUNPATH_SEARCH_PATHS = (
					"$(inherited)",
					"@executable_path/Frameworks",
				);
				MARKETING_VERSION = 1.0;
				PRODUCT_BUNDLE_IDENTIFIER = com.privetyanikiya.OnlineStore;
				PRODUCT_NAME = "$(TARGET_NAME)";
				SUPPORTED_PLATFORMS = "iphoneos iphonesimulator";
				SUPPORTS_MACCATALYST = NO;
				SUPPORTS_MAC_DESIGNED_FOR_IPHONE_IPAD = NO;
				SUPPORTS_XR_DESIGNED_FOR_IPHONE_IPAD = NO;
				SWIFT_EMIT_LOC_STRINGS = YES;
				SWIFT_VERSION = 5.0;
				TARGETED_DEVICE_FAMILY = 1;
			};
			name = Debug;
		};
		84D7BE8F2BCD8F9800936C69 /* Release */ = {
			isa = XCBuildConfiguration;
			buildSettings = {
				ASSETCATALOG_COMPILER_APPICON_NAME = AppIcon;
				ASSETCATALOG_COMPILER_GLOBAL_ACCENT_COLOR_NAME = AccentColor;
				CODE_SIGN_STYLE = Automatic;
				CURRENT_PROJECT_VERSION = 1;
				DEVELOPMENT_TEAM = R5SS3C487L;
				GENERATE_INFOPLIST_FILE = YES;
				INFOPLIST_FILE = OnlineStore/SupportFile/Info.plist;
				INFOPLIST_KEY_UIApplicationSupportsIndirectInputEvents = YES;
				INFOPLIST_KEY_UILaunchStoryboardName = LaunchScreen;
				INFOPLIST_KEY_UISupportedInterfaceOrientations = UIInterfaceOrientationPortrait;
				INFOPLIST_KEY_UISupportedInterfaceOrientations_iPad = "UIInterfaceOrientationLandscapeLeft UIInterfaceOrientationLandscapeRight UIInterfaceOrientationPortrait UIInterfaceOrientationPortraitUpsideDown";
				IPHONEOS_DEPLOYMENT_TARGET = 15.0;
				LD_RUNPATH_SEARCH_PATHS = (
					"$(inherited)",
					"@executable_path/Frameworks",
				);
				MARKETING_VERSION = 1.0;
				PRODUCT_BUNDLE_IDENTIFIER = com.privetyanikiya.OnlineStore;
				PRODUCT_NAME = "$(TARGET_NAME)";
				SUPPORTED_PLATFORMS = "iphoneos iphonesimulator";
				SUPPORTS_MACCATALYST = NO;
				SUPPORTS_MAC_DESIGNED_FOR_IPHONE_IPAD = NO;
				SUPPORTS_XR_DESIGNED_FOR_IPHONE_IPAD = NO;
				SWIFT_EMIT_LOC_STRINGS = YES;
				SWIFT_VERSION = 5.0;
				TARGETED_DEVICE_FAMILY = 1;
			};
			name = Release;
		};
/* End XCBuildConfiguration section */

/* Begin XCConfigurationList section */
		84D7BE742BCD8F9500936C69 /* Build configuration list for PBXProject "OnlineStore" */ = {
			isa = XCConfigurationList;
			buildConfigurations = (
				84D7BE8B2BCD8F9800936C69 /* Debug */,
				84D7BE8C2BCD8F9800936C69 /* Release */,
			);
			defaultConfigurationIsVisible = 0;
			defaultConfigurationName = Release;
		};
		84D7BE8D2BCD8F9800936C69 /* Build configuration list for PBXNativeTarget "OnlineStore" */ = {
			isa = XCConfigurationList;
			buildConfigurations = (
				84D7BE8E2BCD8F9800936C69 /* Debug */,
				84D7BE8F2BCD8F9800936C69 /* Release */,
			);
			defaultConfigurationIsVisible = 0;
			defaultConfigurationName = Release;
		};
/* End XCConfigurationList section */

/* Begin XCRemoteSwiftPackageReference section */
		8493BB2D2BCEBF1D00E239B4 /* XCRemoteSwiftPackageReference "firebase-ios-sdk" */ = {
			isa = XCRemoteSwiftPackageReference;
			repositoryURL = "https://github.com/firebase/firebase-ios-sdk";
			requirement = {
				kind = upToNextMajorVersion;
				minimumVersion = 10.24.0;
			};
		};
		84D7BED22BCDACA200936C69 /* XCRemoteSwiftPackageReference "SnapKit" */ = {
			isa = XCRemoteSwiftPackageReference;
			repositoryURL = "https://github.com/SnapKit/SnapKit";
			requirement = {
				kind = upToNextMajorVersion;
				minimumVersion = 5.7.1;
			};
		};
		84D7BED72BCDACAD00936C69 /* XCRemoteSwiftPackageReference "Kingfisher" */ = {
			isa = XCRemoteSwiftPackageReference;
			repositoryURL = "https://github.com/onevcat/Kingfisher.git";
			requirement = {
				kind = upToNextMajorVersion;
				minimumVersion = 7.11.0;
			};
		};
		84F93C7C2BCDB131000D1973 /* XCRemoteSwiftPackageReference "Route" */ = {
			isa = XCRemoteSwiftPackageReference;
			repositoryURL = "https://github.com/timonity/Route";
			requirement = {
				kind = upToNextMajorVersion;
				minimumVersion = 0.9.1;
			};
		};
/* End XCRemoteSwiftPackageReference section */

/* Begin XCSwiftPackageProductDependency section */
		8493BB2E2BCEBF1D00E239B4 /* FirebaseAnalytics */ = {
			isa = XCSwiftPackageProductDependency;
			package = 8493BB2D2BCEBF1D00E239B4 /* XCRemoteSwiftPackageReference "firebase-ios-sdk" */;
			productName = FirebaseAnalytics;
		};
		8493BB302BCEBF1D00E239B4 /* FirebaseAnalyticsOnDeviceConversion */ = {
			isa = XCSwiftPackageProductDependency;
			package = 8493BB2D2BCEBF1D00E239B4 /* XCRemoteSwiftPackageReference "firebase-ios-sdk" */;
			productName = FirebaseAnalyticsOnDeviceConversion;
		};
		8493BB322BCEBF1D00E239B4 /* FirebaseAnalyticsSwift */ = {
			isa = XCSwiftPackageProductDependency;
			package = 8493BB2D2BCEBF1D00E239B4 /* XCRemoteSwiftPackageReference "firebase-ios-sdk" */;
			productName = FirebaseAnalyticsSwift;
		};
		8493BB342BCEBF1D00E239B4 /* FirebaseAnalyticsWithoutAdIdSupport */ = {
			isa = XCSwiftPackageProductDependency;
			package = 8493BB2D2BCEBF1D00E239B4 /* XCRemoteSwiftPackageReference "firebase-ios-sdk" */;
			productName = FirebaseAnalyticsWithoutAdIdSupport;
		};
		8493BB362BCEBF1D00E239B4 /* FirebaseAppCheck */ = {
			isa = XCSwiftPackageProductDependency;
			package = 8493BB2D2BCEBF1D00E239B4 /* XCRemoteSwiftPackageReference "firebase-ios-sdk" */;
			productName = FirebaseAppCheck;
		};
		8493BB382BCEBF1D00E239B4 /* FirebaseAppDistribution-Beta */ = {
			isa = XCSwiftPackageProductDependency;
			package = 8493BB2D2BCEBF1D00E239B4 /* XCRemoteSwiftPackageReference "firebase-ios-sdk" */;
			productName = "FirebaseAppDistribution-Beta";
		};
		8493BB3A2BCEBF1D00E239B4 /* FirebaseAuth */ = {
			isa = XCSwiftPackageProductDependency;
			package = 8493BB2D2BCEBF1D00E239B4 /* XCRemoteSwiftPackageReference "firebase-ios-sdk" */;
			productName = FirebaseAuth;
		};
		8493BB3C2BCEBF1D00E239B4 /* FirebaseAuthCombine-Community */ = {
			isa = XCSwiftPackageProductDependency;
			package = 8493BB2D2BCEBF1D00E239B4 /* XCRemoteSwiftPackageReference "firebase-ios-sdk" */;
			productName = "FirebaseAuthCombine-Community";
		};
		8493BB3E2BCEBF1D00E239B4 /* FirebaseCrashlytics */ = {
			isa = XCSwiftPackageProductDependency;
			package = 8493BB2D2BCEBF1D00E239B4 /* XCRemoteSwiftPackageReference "firebase-ios-sdk" */;
			productName = FirebaseCrashlytics;
		};
		8493BB402BCEBF1D00E239B4 /* FirebaseDatabase */ = {
			isa = XCSwiftPackageProductDependency;
			package = 8493BB2D2BCEBF1D00E239B4 /* XCRemoteSwiftPackageReference "firebase-ios-sdk" */;
			productName = FirebaseDatabase;
		};
		8493BB422BCEBF1D00E239B4 /* FirebaseDatabaseSwift */ = {
			isa = XCSwiftPackageProductDependency;
			package = 8493BB2D2BCEBF1D00E239B4 /* XCRemoteSwiftPackageReference "firebase-ios-sdk" */;
			productName = FirebaseDatabaseSwift;
		};
		8493BB442BCEBF1D00E239B4 /* FirebaseDynamicLinks */ = {
			isa = XCSwiftPackageProductDependency;
			package = 8493BB2D2BCEBF1D00E239B4 /* XCRemoteSwiftPackageReference "firebase-ios-sdk" */;
			productName = FirebaseDynamicLinks;
		};
		8493BB462BCEBF1D00E239B4 /* FirebaseFirestore */ = {
			isa = XCSwiftPackageProductDependency;
			package = 8493BB2D2BCEBF1D00E239B4 /* XCRemoteSwiftPackageReference "firebase-ios-sdk" */;
			productName = FirebaseFirestore;
		};
		8493BB482BCEBF1D00E239B4 /* FirebaseFirestoreCombine-Community */ = {
			isa = XCSwiftPackageProductDependency;
			package = 8493BB2D2BCEBF1D00E239B4 /* XCRemoteSwiftPackageReference "firebase-ios-sdk" */;
			productName = "FirebaseFirestoreCombine-Community";
		};
		8493BB4A2BCEBF1D00E239B4 /* FirebaseFirestoreSwift */ = {
			isa = XCSwiftPackageProductDependency;
			package = 8493BB2D2BCEBF1D00E239B4 /* XCRemoteSwiftPackageReference "firebase-ios-sdk" */;
			productName = FirebaseFirestoreSwift;
		};
		8493BB4C2BCEBF1D00E239B4 /* FirebaseFunctions */ = {
			isa = XCSwiftPackageProductDependency;
			package = 8493BB2D2BCEBF1D00E239B4 /* XCRemoteSwiftPackageReference "firebase-ios-sdk" */;
			productName = FirebaseFunctions;
		};
		8493BB4E2BCEBF1D00E239B4 /* FirebaseFunctionsCombine-Community */ = {
			isa = XCSwiftPackageProductDependency;
			package = 8493BB2D2BCEBF1D00E239B4 /* XCRemoteSwiftPackageReference "firebase-ios-sdk" */;
			productName = "FirebaseFunctionsCombine-Community";
		};
		8493BB502BCEBF1D00E239B4 /* FirebaseInAppMessaging-Beta */ = {
			isa = XCSwiftPackageProductDependency;
			package = 8493BB2D2BCEBF1D00E239B4 /* XCRemoteSwiftPackageReference "firebase-ios-sdk" */;
			productName = "FirebaseInAppMessaging-Beta";
		};
		8493BB522BCEBF1D00E239B4 /* FirebaseInAppMessagingSwift-Beta */ = {
			isa = XCSwiftPackageProductDependency;
			package = 8493BB2D2BCEBF1D00E239B4 /* XCRemoteSwiftPackageReference "firebase-ios-sdk" */;
			productName = "FirebaseInAppMessagingSwift-Beta";
		};
		8493BB542BCEBF1D00E239B4 /* FirebaseInstallations */ = {
			isa = XCSwiftPackageProductDependency;
			package = 8493BB2D2BCEBF1D00E239B4 /* XCRemoteSwiftPackageReference "firebase-ios-sdk" */;
			productName = FirebaseInstallations;
		};
		8493BB562BCEBF1D00E239B4 /* FirebaseMLModelDownloader */ = {
			isa = XCSwiftPackageProductDependency;
			package = 8493BB2D2BCEBF1D00E239B4 /* XCRemoteSwiftPackageReference "firebase-ios-sdk" */;
			productName = FirebaseMLModelDownloader;
		};
		8493BB582BCEBF1D00E239B4 /* FirebaseMessaging */ = {
			isa = XCSwiftPackageProductDependency;
			package = 8493BB2D2BCEBF1D00E239B4 /* XCRemoteSwiftPackageReference "firebase-ios-sdk" */;
			productName = FirebaseMessaging;
		};
		8493BB5A2BCEBF1D00E239B4 /* FirebasePerformance */ = {
			isa = XCSwiftPackageProductDependency;
			package = 8493BB2D2BCEBF1D00E239B4 /* XCRemoteSwiftPackageReference "firebase-ios-sdk" */;
			productName = FirebasePerformance;
		};
		8493BB5C2BCEBF1D00E239B4 /* FirebaseRemoteConfig */ = {
			isa = XCSwiftPackageProductDependency;
			package = 8493BB2D2BCEBF1D00E239B4 /* XCRemoteSwiftPackageReference "firebase-ios-sdk" */;
			productName = FirebaseRemoteConfig;
		};
		8493BB5E2BCEBF1D00E239B4 /* FirebaseRemoteConfigSwift */ = {
			isa = XCSwiftPackageProductDependency;
			package = 8493BB2D2BCEBF1D00E239B4 /* XCRemoteSwiftPackageReference "firebase-ios-sdk" */;
			productName = FirebaseRemoteConfigSwift;
		};
		8493BB602BCEBF1D00E239B4 /* FirebaseStorage */ = {
			isa = XCSwiftPackageProductDependency;
			package = 8493BB2D2BCEBF1D00E239B4 /* XCRemoteSwiftPackageReference "firebase-ios-sdk" */;
			productName = FirebaseStorage;
		};
		8493BB622BCEBF1D00E239B4 /* FirebaseStorageCombine-Community */ = {
			isa = XCSwiftPackageProductDependency;
			package = 8493BB2D2BCEBF1D00E239B4 /* XCRemoteSwiftPackageReference "firebase-ios-sdk" */;
			productName = "FirebaseStorageCombine-Community";
		};
		84D7BED32BCDACA200936C69 /* SnapKit */ = {
			isa = XCSwiftPackageProductDependency;
			package = 84D7BED22BCDACA200936C69 /* XCRemoteSwiftPackageReference "SnapKit" */;
			productName = SnapKit;
		};
		84D7BED52BCDACA200936C69 /* SnapKit-Dynamic */ = {
			isa = XCSwiftPackageProductDependency;
			package = 84D7BED22BCDACA200936C69 /* XCRemoteSwiftPackageReference "SnapKit" */;
			productName = "SnapKit-Dynamic";
		};
		84D7BED82BCDACAD00936C69 /* Kingfisher */ = {
			isa = XCSwiftPackageProductDependency;
			package = 84D7BED72BCDACAD00936C69 /* XCRemoteSwiftPackageReference "Kingfisher" */;
			productName = Kingfisher;
		};
		84F93C7D2BCDB131000D1973 /* Route */ = {
			isa = XCSwiftPackageProductDependency;
			package = 84F93C7C2BCDB131000D1973 /* XCRemoteSwiftPackageReference "Route" */;
			productName = Route;
		};
/* End XCSwiftPackageProductDependency section */
	};
	rootObject = 84D7BE712BCD8F9500936C69 /* Project object */;
}
